
Microsoft Visual Studio Solution File, Format Version 12.00
# Visual Studio Version 17
VisualStudioVersion = 17.0.31912.275
MinimumVisualStudioVersion = 10.0.40219.1
Project("{2150E333-8FDC-42A3-9474-1A3956D46DE8}") = "Sources", "Sources", "{79DE0448-1BF2-48D2-8A33-243E402CFD27}"
EndProject
Project("{2150E333-8FDC-42A3-9474-1A3956D46DE8}") = "Compute", "Compute", "{36BBA44F-9A2F-413B-971D-C347BAF87B2A}"
EndProject
Project("{2150E333-8FDC-42A3-9474-1A3956D46DE8}") = "Tests", "Tests", "{CD412C3D-63D0-4726-B4C3-FEF701E4DCAF}"
EndProject
Project("{2150E333-8FDC-42A3-9474-1A3956D46DE8}") = "Adapters", "Adapters", "{1A9BCE53-79D0-4761-B3A2-6967B610FA94}"
EndProject
Project("{9A19103F-16F7-4668-BE54-9A1E7A4F7556}") = "ArmoniK.Core.Common", "Common\src\ArmoniK.Core.Common.csproj", "{B7CA43B2-BB7F-46B1-9516-7CAFBC89816C}"
EndProject
Project("{2150E333-8FDC-42A3-9474-1A3956D46DE8}") = "Control", "Control", "{0E809C1E-CBF5-42E4-8624-2E244A52E422}"
EndProject
Project("{9A19103F-16F7-4668-BE54-9A1E7A4F7556}") = "ArmoniK.Core.Common.Tests", "Common\tests\ArmoniK.Core.Common.Tests.csproj", "{707FF74D-C1AF-44CC-ACB0-533B11684710}"
EndProject
Project("{2150E333-8FDC-42A3-9474-1A3956D46DE8}") = "Adapters", "Adapters", "{2D548C40-6260-4A4E-9C56-E8A80C639E13}"
EndProject
Project("{9A19103F-16F7-4668-BE54-9A1E7A4F7556}") = "ArmoniK.Core.Adapters.Amqp", "Adaptors\Amqp\src\ArmoniK.Core.Adapters.Amqp.csproj", "{30F9056A-8FE3-4971-94A7-1113225E951B}"
EndProject
Project("{9A19103F-16F7-4668-BE54-9A1E7A4F7556}") = "ArmoniK.Core.Adapters.MongoDB", "Adaptors\MongoDB\src\ArmoniK.Core.Adapters.MongoDB.csproj", "{15EC4DEA-8FB6-4394-8E6F-EEF96A8F0FF2}"
EndProject
Project("{9A19103F-16F7-4668-BE54-9A1E7A4F7556}") = "ArmoniK.Core.Compute.PollingAgent", "Compute\PollingAgent\src\ArmoniK.Core.Compute.PollingAgent.csproj", "{CAF59DC7-ED7B-4FA5-9031-4590282ACA0F}"
EndProject
Project("{9A19103F-16F7-4668-BE54-9A1E7A4F7556}") = "ArmoniK.Core.Control.Submitter", "Control\Submitter\src\ArmoniK.Core.Control.Submitter.csproj", "{235087F2-A0EA-431A-9A15-B121F181D071}"
EndProject
Project("{9A19103F-16F7-4668-BE54-9A1E7A4F7556}") = "ArmoniK.Core.Adapters.MongoDB.Tests", "Adaptors\MongoDB\tests\ArmoniK.Core.Adapters.MongoDB.Tests.csproj", "{0AFE4810-2178-461D-BF84-4C562A2137FA}"
EndProject
Project("{2150E333-8FDC-42A3-9474-1A3956D46DE8}") = "Control", "Control", "{CD6402F1-DDA4-45D8-BB03-B2C9C46A49C8}"
EndProject
Project("{9A19103F-16F7-4668-BE54-9A1E7A4F7556}") = "ArmoniK.Core.Control.Submitter.Tests", "Control\Submitter\tests\ArmoniK.Core.Control.Submitter.Tests.csproj", "{B245D778-779E-4B78-9672-0BB21AF7D1D9}"
EndProject
Project("{9A19103F-16F7-4668-BE54-9A1E7A4F7556}") = "ArmoniK.Core.Adapters.Memory", "Adaptors\Memory\src\ArmoniK.Core.Adapters.Memory.csproj", "{AF7ECF9B-1295-469A-8C17-303BAA5CA621}"
EndProject
Project("{9A19103F-16F7-4668-BE54-9A1E7A4F7556}") = "ArmoniK.Core.Adapters.Memory.Tests", "Adaptors\Memory\tests\ArmoniK.Core.Adapters.Memory.Tests.csproj", "{9FE051D8-C6FA-42F2-96F1-18471FD27785}"
EndProject
Project("{9A19103F-16F7-4668-BE54-9A1E7A4F7556}") = "ArmoniK.Core.Adapters.Redis", "Adaptors\Redis\src\ArmoniK.Core.Adapters.Redis.csproj", "{36F24B13-BFE4-4CCE-B989-357A6991D0AA}"
EndProject
Project("{9A19103F-16F7-4668-BE54-9A1E7A4F7556}") = "ArmoniK.Core.Adapters.Tests.TableStorage", "Adaptors\tests\ArmoniK.Core.Adapters.Tests.TableStorage.csproj", "{85CC11D5-2A58-46A4-B24F-87B879BD3467}"
EndProject
Global
	GlobalSection(SolutionConfigurationPlatforms) = preSolution
		Debug|Any CPU = Debug|Any CPU
		Debug|x64 = Debug|x64
		Release|Any CPU = Release|Any CPU
		Release|x64 = Release|x64
	EndGlobalSection
	GlobalSection(ProjectConfigurationPlatforms) = postSolution
		{B7CA43B2-BB7F-46B1-9516-7CAFBC89816C}.Debug|Any CPU.ActiveCfg = Debug|Any CPU
		{B7CA43B2-BB7F-46B1-9516-7CAFBC89816C}.Debug|Any CPU.Build.0 = Debug|Any CPU
		{B7CA43B2-BB7F-46B1-9516-7CAFBC89816C}.Debug|x64.ActiveCfg = Debug|Any CPU
		{B7CA43B2-BB7F-46B1-9516-7CAFBC89816C}.Debug|x64.Build.0 = Debug|Any CPU
		{B7CA43B2-BB7F-46B1-9516-7CAFBC89816C}.Release|Any CPU.ActiveCfg = Release|Any CPU
		{B7CA43B2-BB7F-46B1-9516-7CAFBC89816C}.Release|Any CPU.Build.0 = Release|Any CPU
		{B7CA43B2-BB7F-46B1-9516-7CAFBC89816C}.Release|x64.ActiveCfg = Release|Any CPU
		{B7CA43B2-BB7F-46B1-9516-7CAFBC89816C}.Release|x64.Build.0 = Release|Any CPU
		{707FF74D-C1AF-44CC-ACB0-533B11684710}.Debug|Any CPU.ActiveCfg = Debug|Any CPU
		{707FF74D-C1AF-44CC-ACB0-533B11684710}.Debug|Any CPU.Build.0 = Debug|Any CPU
		{707FF74D-C1AF-44CC-ACB0-533B11684710}.Debug|x64.ActiveCfg = Debug|Any CPU
		{707FF74D-C1AF-44CC-ACB0-533B11684710}.Debug|x64.Build.0 = Debug|Any CPU
		{707FF74D-C1AF-44CC-ACB0-533B11684710}.Release|Any CPU.ActiveCfg = Release|Any CPU
		{707FF74D-C1AF-44CC-ACB0-533B11684710}.Release|Any CPU.Build.0 = Release|Any CPU
		{707FF74D-C1AF-44CC-ACB0-533B11684710}.Release|x64.ActiveCfg = Release|Any CPU
		{707FF74D-C1AF-44CC-ACB0-533B11684710}.Release|x64.Build.0 = Release|Any CPU
		{30F9056A-8FE3-4971-94A7-1113225E951B}.Debug|Any CPU.ActiveCfg = Debug|Any CPU
		{30F9056A-8FE3-4971-94A7-1113225E951B}.Debug|Any CPU.Build.0 = Debug|Any CPU
		{30F9056A-8FE3-4971-94A7-1113225E951B}.Debug|x64.ActiveCfg = Debug|Any CPU
		{30F9056A-8FE3-4971-94A7-1113225E951B}.Debug|x64.Build.0 = Debug|Any CPU
		{30F9056A-8FE3-4971-94A7-1113225E951B}.Release|Any CPU.ActiveCfg = Release|Any CPU
		{30F9056A-8FE3-4971-94A7-1113225E951B}.Release|Any CPU.Build.0 = Release|Any CPU
		{30F9056A-8FE3-4971-94A7-1113225E951B}.Release|x64.ActiveCfg = Release|Any CPU
		{30F9056A-8FE3-4971-94A7-1113225E951B}.Release|x64.Build.0 = Release|Any CPU
		{15EC4DEA-8FB6-4394-8E6F-EEF96A8F0FF2}.Debug|Any CPU.ActiveCfg = Debug|Any CPU
		{15EC4DEA-8FB6-4394-8E6F-EEF96A8F0FF2}.Debug|Any CPU.Build.0 = Debug|Any CPU
		{15EC4DEA-8FB6-4394-8E6F-EEF96A8F0FF2}.Debug|x64.ActiveCfg = Debug|Any CPU
		{15EC4DEA-8FB6-4394-8E6F-EEF96A8F0FF2}.Debug|x64.Build.0 = Debug|Any CPU
		{15EC4DEA-8FB6-4394-8E6F-EEF96A8F0FF2}.Release|Any CPU.ActiveCfg = Release|Any CPU
		{15EC4DEA-8FB6-4394-8E6F-EEF96A8F0FF2}.Release|Any CPU.Build.0 = Release|Any CPU
		{15EC4DEA-8FB6-4394-8E6F-EEF96A8F0FF2}.Release|x64.ActiveCfg = Release|Any CPU
		{15EC4DEA-8FB6-4394-8E6F-EEF96A8F0FF2}.Release|x64.Build.0 = Release|Any CPU
		{CAF59DC7-ED7B-4FA5-9031-4590282ACA0F}.Debug|Any CPU.ActiveCfg = Debug|Any CPU
		{CAF59DC7-ED7B-4FA5-9031-4590282ACA0F}.Debug|Any CPU.Build.0 = Debug|Any CPU
		{CAF59DC7-ED7B-4FA5-9031-4590282ACA0F}.Debug|x64.ActiveCfg = Debug|Any CPU
		{CAF59DC7-ED7B-4FA5-9031-4590282ACA0F}.Debug|x64.Build.0 = Debug|Any CPU
		{CAF59DC7-ED7B-4FA5-9031-4590282ACA0F}.Release|Any CPU.ActiveCfg = Release|Any CPU
		{CAF59DC7-ED7B-4FA5-9031-4590282ACA0F}.Release|Any CPU.Build.0 = Release|Any CPU
		{CAF59DC7-ED7B-4FA5-9031-4590282ACA0F}.Release|x64.ActiveCfg = Release|Any CPU
		{CAF59DC7-ED7B-4FA5-9031-4590282ACA0F}.Release|x64.Build.0 = Release|Any CPU
		{235087F2-A0EA-431A-9A15-B121F181D071}.Debug|Any CPU.ActiveCfg = Debug|Any CPU
		{235087F2-A0EA-431A-9A15-B121F181D071}.Debug|Any CPU.Build.0 = Debug|Any CPU
		{235087F2-A0EA-431A-9A15-B121F181D071}.Debug|x64.ActiveCfg = Debug|Any CPU
		{235087F2-A0EA-431A-9A15-B121F181D071}.Debug|x64.Build.0 = Debug|Any CPU
		{235087F2-A0EA-431A-9A15-B121F181D071}.Release|Any CPU.ActiveCfg = Release|Any CPU
		{235087F2-A0EA-431A-9A15-B121F181D071}.Release|Any CPU.Build.0 = Release|Any CPU
		{235087F2-A0EA-431A-9A15-B121F181D071}.Release|x64.ActiveCfg = Release|Any CPU
		{235087F2-A0EA-431A-9A15-B121F181D071}.Release|x64.Build.0 = Release|Any CPU
		{0AFE4810-2178-461D-BF84-4C562A2137FA}.Debug|Any CPU.ActiveCfg = Debug|Any CPU
		{0AFE4810-2178-461D-BF84-4C562A2137FA}.Debug|Any CPU.Build.0 = Debug|Any CPU
		{0AFE4810-2178-461D-BF84-4C562A2137FA}.Debug|x64.ActiveCfg = Debug|Any CPU
		{0AFE4810-2178-461D-BF84-4C562A2137FA}.Debug|x64.Build.0 = Debug|Any CPU
		{0AFE4810-2178-461D-BF84-4C562A2137FA}.Release|Any CPU.ActiveCfg = Release|Any CPU
		{0AFE4810-2178-461D-BF84-4C562A2137FA}.Release|Any CPU.Build.0 = Release|Any CPU
		{0AFE4810-2178-461D-BF84-4C562A2137FA}.Release|x64.ActiveCfg = Release|Any CPU
		{0AFE4810-2178-461D-BF84-4C562A2137FA}.Release|x64.Build.0 = Release|Any CPU
		{B245D778-779E-4B78-9672-0BB21AF7D1D9}.Debug|Any CPU.ActiveCfg = Debug|Any CPU
		{B245D778-779E-4B78-9672-0BB21AF7D1D9}.Debug|Any CPU.Build.0 = Debug|Any CPU
		{B245D778-779E-4B78-9672-0BB21AF7D1D9}.Debug|x64.ActiveCfg = Debug|Any CPU
		{B245D778-779E-4B78-9672-0BB21AF7D1D9}.Debug|x64.Build.0 = Debug|Any CPU
		{B245D778-779E-4B78-9672-0BB21AF7D1D9}.Release|Any CPU.ActiveCfg = Release|Any CPU
		{B245D778-779E-4B78-9672-0BB21AF7D1D9}.Release|Any CPU.Build.0 = Release|Any CPU
		{B245D778-779E-4B78-9672-0BB21AF7D1D9}.Release|x64.ActiveCfg = Release|Any CPU
		{B245D778-779E-4B78-9672-0BB21AF7D1D9}.Release|x64.Build.0 = Release|Any CPU
		{AF7ECF9B-1295-469A-8C17-303BAA5CA621}.Debug|Any CPU.ActiveCfg = Debug|Any CPU
		{AF7ECF9B-1295-469A-8C17-303BAA5CA621}.Debug|Any CPU.Build.0 = Debug|Any CPU
		{AF7ECF9B-1295-469A-8C17-303BAA5CA621}.Debug|x64.ActiveCfg = Debug|Any CPU
		{AF7ECF9B-1295-469A-8C17-303BAA5CA621}.Debug|x64.Build.0 = Debug|Any CPU
		{AF7ECF9B-1295-469A-8C17-303BAA5CA621}.Release|Any CPU.ActiveCfg = Release|Any CPU
		{AF7ECF9B-1295-469A-8C17-303BAA5CA621}.Release|Any CPU.Build.0 = Release|Any CPU
		{AF7ECF9B-1295-469A-8C17-303BAA5CA621}.Release|x64.ActiveCfg = Release|Any CPU
		{AF7ECF9B-1295-469A-8C17-303BAA5CA621}.Release|x64.Build.0 = Release|Any CPU
		{9FE051D8-C6FA-42F2-96F1-18471FD27785}.Debug|Any CPU.ActiveCfg = Debug|Any CPU
		{9FE051D8-C6FA-42F2-96F1-18471FD27785}.Debug|Any CPU.Build.0 = Debug|Any CPU
		{9FE051D8-C6FA-42F2-96F1-18471FD27785}.Debug|x64.ActiveCfg = Debug|Any CPU
		{9FE051D8-C6FA-42F2-96F1-18471FD27785}.Debug|x64.Build.0 = Debug|Any CPU
		{9FE051D8-C6FA-42F2-96F1-18471FD27785}.Release|Any CPU.ActiveCfg = Release|Any CPU
		{9FE051D8-C6FA-42F2-96F1-18471FD27785}.Release|Any CPU.Build.0 = Release|Any CPU
		{9FE051D8-C6FA-42F2-96F1-18471FD27785}.Release|x64.ActiveCfg = Release|Any CPU
		{9FE051D8-C6FA-42F2-96F1-18471FD27785}.Release|x64.Build.0 = Release|Any CPU
		{36F24B13-BFE4-4CCE-B989-357A6991D0AA}.Debug|Any CPU.ActiveCfg = Debug|Any CPU
		{36F24B13-BFE4-4CCE-B989-357A6991D0AA}.Debug|Any CPU.Build.0 = Debug|Any CPU
		{36F24B13-BFE4-4CCE-B989-357A6991D0AA}.Debug|x64.ActiveCfg = Debug|Any CPU
		{36F24B13-BFE4-4CCE-B989-357A6991D0AA}.Debug|x64.Build.0 = Debug|Any CPU
		{36F24B13-BFE4-4CCE-B989-357A6991D0AA}.Release|Any CPU.ActiveCfg = Release|Any CPU
		{36F24B13-BFE4-4CCE-B989-357A6991D0AA}.Release|Any CPU.Build.0 = Release|Any CPU
		{36F24B13-BFE4-4CCE-B989-357A6991D0AA}.Release|x64.ActiveCfg = Release|Any CPU
		{36F24B13-BFE4-4CCE-B989-357A6991D0AA}.Release|x64.Build.0 = Release|Any CPU
		{85CC11D5-2A58-46A4-B24F-87B879BD3467}.Debug|Any CPU.ActiveCfg = Debug|Any CPU
		{85CC11D5-2A58-46A4-B24F-87B879BD3467}.Debug|Any CPU.Build.0 = Debug|Any CPU
		{85CC11D5-2A58-46A4-B24F-87B879BD3467}.Debug|x64.ActiveCfg = Debug|Any CPU
		{85CC11D5-2A58-46A4-B24F-87B879BD3467}.Debug|x64.Build.0 = Debug|Any CPU
		{85CC11D5-2A58-46A4-B24F-87B879BD3467}.Release|Any CPU.ActiveCfg = Release|Any CPU
		{85CC11D5-2A58-46A4-B24F-87B879BD3467}.Release|Any CPU.Build.0 = Release|Any CPU
		{85CC11D5-2A58-46A4-B24F-87B879BD3467}.Release|x64.ActiveCfg = Release|Any CPU
		{85CC11D5-2A58-46A4-B24F-87B879BD3467}.Release|x64.Build.0 = Release|Any CPU
	EndGlobalSection
	GlobalSection(SolutionProperties) = preSolution
		HideSolutionNode = FALSE
	EndGlobalSection
	GlobalSection(NestedProjects) = preSolution
		{36BBA44F-9A2F-413B-971D-C347BAF87B2A} = {79DE0448-1BF2-48D2-8A33-243E402CFD27}
		{1A9BCE53-79D0-4761-B3A2-6967B610FA94} = {79DE0448-1BF2-48D2-8A33-243E402CFD27}
		{B7CA43B2-BB7F-46B1-9516-7CAFBC89816C} = {79DE0448-1BF2-48D2-8A33-243E402CFD27}
		{0E809C1E-CBF5-42E4-8624-2E244A52E422} = {79DE0448-1BF2-48D2-8A33-243E402CFD27}
		{707FF74D-C1AF-44CC-ACB0-533B11684710} = {CD412C3D-63D0-4726-B4C3-FEF701E4DCAF}
		{2D548C40-6260-4A4E-9C56-E8A80C639E13} = {CD412C3D-63D0-4726-B4C3-FEF701E4DCAF}
		{30F9056A-8FE3-4971-94A7-1113225E951B} = {1A9BCE53-79D0-4761-B3A2-6967B610FA94}
		{15EC4DEA-8FB6-4394-8E6F-EEF96A8F0FF2} = {1A9BCE53-79D0-4761-B3A2-6967B610FA94}
		{CAF59DC7-ED7B-4FA5-9031-4590282ACA0F} = {36BBA44F-9A2F-413B-971D-C347BAF87B2A}
		{235087F2-A0EA-431A-9A15-B121F181D071} = {0E809C1E-CBF5-42E4-8624-2E244A52E422}
		{0AFE4810-2178-461D-BF84-4C562A2137FA} = {2D548C40-6260-4A4E-9C56-E8A80C639E13}
		{CD6402F1-DDA4-45D8-BB03-B2C9C46A49C8} = {CD412C3D-63D0-4726-B4C3-FEF701E4DCAF}
		{B245D778-779E-4B78-9672-0BB21AF7D1D9} = {CD6402F1-DDA4-45D8-BB03-B2C9C46A49C8}
		{AF7ECF9B-1295-469A-8C17-303BAA5CA621} = {1A9BCE53-79D0-4761-B3A2-6967B610FA94}
		{9FE051D8-C6FA-42F2-96F1-18471FD27785} = {2D548C40-6260-4A4E-9C56-E8A80C639E13}
		{36F24B13-BFE4-4CCE-B989-357A6991D0AA} = {1A9BCE53-79D0-4761-B3A2-6967B610FA94}
		{85CC11D5-2A58-46A4-B24F-87B879BD3467} = {2D548C40-6260-4A4E-9C56-E8A80C639E13}
	EndGlobalSection
	GlobalSection(ExtensibilityGlobals) = postSolution
		SolutionGuid = {1285A466-2AF6-43E6-8DCC-2F93A5D5F02E}
	EndGlobalSection
EndGlobal
