
Microsoft Visual Studio Solution File, Format Version 12.00
# Visual Studio Version 17
VisualStudioVersion = 17.0.31912.275
MinimumVisualStudioVersion = 10.0.40219.1
Project("{2150E333-8FDC-42A3-9474-1A3956D46DE8}") = "Sources", "Sources", "{79DE0448-1BF2-48D2-8A33-243E402CFD27}"
EndProject
Project("{2150E333-8FDC-42A3-9474-1A3956D46DE8}") = "Compute", "Compute", "{36BBA44F-9A2F-413B-971D-C347BAF87B2A}"
EndProject
Project("{2150E333-8FDC-42A3-9474-1A3956D46DE8}") = "Tests", "Tests", "{CD412C3D-63D0-4726-B4C3-FEF701E4DCAF}"
EndProject
Project("{2150E333-8FDC-42A3-9474-1A3956D46DE8}") = "Adapters", "Adapters", "{1A9BCE53-79D0-4761-B3A2-6967B610FA94}"
EndProject
Project("{2150E333-8FDC-42A3-9474-1A3956D46DE8}") = "DevelopmentKit", "DevelopmentKit", "{EF84F485-549D-49BC-BA35-73565E289954}"
EndProject
Project("{2150E333-8FDC-42A3-9474-1A3956D46DE8}") = "DevelopmentKit", "DevelopmentKit", "{9BBB4102-C443-4000-9B12-31A3999A3529}"
EndProject
Project("{2150E333-8FDC-42A3-9474-1A3956D46DE8}") = "Core", "Core", "{1100B18D-2B77-45F5-8CC5-DCE1C126AE1C}"
EndProject
Project("{9A19103F-16F7-4668-BE54-9A1E7A4F7556}") = "ArmoniK.Core", "src\Core\src\ArmoniK.Core.csproj", "{B7CA43B2-BB7F-46B1-9516-7CAFBC89816C}"
EndProject
Project("{2150E333-8FDC-42A3-9474-1A3956D46DE8}") = "Control", "Control", "{0E809C1E-CBF5-42E4-8624-2E244A52E422}"
EndProject
Project("{2150E333-8FDC-42A3-9474-1A3956D46DE8}") = "csharp", "csharp", "{99012513-4E98-4AE3-BE7B-6D87E66027C4}"
EndProject
Project("{2150E333-8FDC-42A3-9474-1A3956D46DE8}") = "Generated", "Generated", "{51E8AA0D-7994-4381-89E8-FAF5476AAAD1}"
EndProject
Project("{2150E333-8FDC-42A3-9474-1A3956D46DE8}") = "Client", "Client", "{D71B3F97-842B-402F-B2DA-256A73307C6B}"
EndProject
Project("{9A19103F-16F7-4668-BE54-9A1E7A4F7556}") = "ArmoniK.DevelopmentKit.Client", "src\DevelopmentKit\csharp\Generated\Client\src\ArmoniK.DevelopmentKit.Client.csproj", "{50D83134-6D3E-4398-B6F0-9C284D4BD560}"
EndProject
Project("{2150E333-8FDC-42A3-9474-1A3956D46DE8}") = "Gridlib", "Gridlib", "{032B30B9-A2C8-4290-BD37-44E259A8EA38}"
EndProject
Project("{9A19103F-16F7-4668-BE54-9A1E7A4F7556}") = "ArmoniK.DevelopmentKit.Gridlib", "src\DevelopmentKit\csharp\Generated\GridLibAgent\src\ArmoniK.DevelopmentKit.Gridlib\ArmoniK.DevelopmentKit.Gridlib.csproj", "{D6FF0CCD-0CD3-46D5-AB2B-9ABDC82AA016}"
EndProject
Project("{2150E333-8FDC-42A3-9474-1A3956D46DE8}") = "SymphonyApi", "SymphonyApi", "{819F5C3A-CEA6-4E2F-9C46-F02400D71C03}"
EndProject
Project("{2150E333-8FDC-42A3-9474-1A3956D46DE8}") = "Client", "Client", "{2F36AAD7-5148-4C39-84A6-4AF9C2E711C0}"
EndProject
Project("{2150E333-8FDC-42A3-9474-1A3956D46DE8}") = "Gridlib", "Gridlib", "{E4C23522-AFFA-4B1D-81BA-0818F305A034}"
EndProject
Project("{9A19103F-16F7-4668-BE54-9A1E7A4F7556}") = "ArmoniK.DevelopmentKit.SymphonyApi.Client", "src\DevelopmentKit\csharp\SymphonyApi\Client\ArmoniK.DevelopmentKit.SymphonyApi.Client\ArmoniK.DevelopmentKit.SymphonyApi.Client.csproj", "{DF508951-93BE-4911-A918-EF23DDC0F608}"
EndProject
Project("{9A19103F-16F7-4668-BE54-9A1E7A4F7556}") = "ArmoniK.DevelopmentKit.SymphonyApi.Gridlib", "src\DevelopmentKit\csharp\SymphonyApi\Gridlib\ArmoniK.DevelopmentKit.SymphonyApi.Gridlib\ArmoniK.DevelopmentKit.SymphonyApi.Gridlib.csproj", "{EF5860D4-A2BE-4F7B-B08F-304392ACD5D1}"
EndProject
Project("{2150E333-8FDC-42A3-9474-1A3956D46DE8}") = "DataSynapseApi", "DataSynapseApi", "{C7BB45B1-4D77-4670-9D96-710BD7816E0C}"
EndProject
Project("{2150E333-8FDC-42A3-9474-1A3956D46DE8}") = "Generated", "Generated", "{389F4DCF-2E1A-4B98-ABFB-6B1C4BE5270D}"
EndProject
Project("{9A19103F-16F7-4668-BE54-9A1E7A4F7556}") = "ArmoniK.Compute.GridLibAgent.Tests", "src\DevelopmentKit\csharp\Generated\GridLibAgent\tests\GridLibAgentTests\ArmoniK.Compute.GridLibAgent.Tests.csproj", "{7DDE9935-910C-49E7-AA9F-3DC9E48548C6}"
EndProject
Project("{9A19103F-16F7-4668-BE54-9A1E7A4F7556}") = "ArmoniK.Compute.GridLibAgent.TestClient", "src\DevelopmentKit\csharp\Generated\GridLibAgent\tests\TestClient\ArmoniK.Compute.GridLibAgent.TestClient.csproj", "{DCB52584-9304-43BB-A282-FAAE1382066D}"
EndProject
Project("{9A19103F-16F7-4668-BE54-9A1E7A4F7556}") = "ArmoniK.Compute.GridLibAgent.TestComputeLib", "src\DevelopmentKit\csharp\Generated\GridLibAgent\tests\TestComputeLib\ArmoniK.Compute.GridLibAgent.TestComputeLib.csproj", "{09842DE3-98DE-4961-B5E9-494C4D009106}"
EndProject
Project("{2150E333-8FDC-42A3-9474-1A3956D46DE8}") = "Core", "Core", "{0B81C6C7-DB6F-4AA5-9542-3AAAF7E44C8F}"
EndProject
Project("{9A19103F-16F7-4668-BE54-9A1E7A4F7556}") = "ArmoniK.Core.Tests", "src\Core\tests\ArmoniK.Core.Tests\ArmoniK.Core.Tests.csproj", "{707FF74D-C1AF-44CC-ACB0-533B11684710}"
EndProject
Project("{9A19103F-16F7-4668-BE54-9A1E7A4F7556}") = "ArmoniK.Compute.PollingAgent", "src\Compute\PollingAgent\src\ArmoniK.Compute.PollingAgent\ArmoniK.Compute.PollingAgent.csproj", "{F5C73201-96E8-4A0D-B497-48ED1AF79DFE}"
EndProject
Project("{FAE04EC0-301F-11D3-BF4B-00C04F79EFBC}") = "ArmoniK.Control", "src\Control\src\ArmoniK.Control.Service\ArmoniK.Control\ArmoniK.Control.csproj", "{822FA6E6-B970-4C2D-BDDD-D4676143AEBC}"
EndProject
Global
	GlobalSection(SolutionConfigurationPlatforms) = preSolution
		Debug|Any CPU = Debug|Any CPU
		Release|Any CPU = Release|Any CPU
	EndGlobalSection
	GlobalSection(ProjectConfigurationPlatforms) = postSolution
		{B7CA43B2-BB7F-46B1-9516-7CAFBC89816C}.Debug|Any CPU.ActiveCfg = Debug|Any CPU
		{B7CA43B2-BB7F-46B1-9516-7CAFBC89816C}.Debug|Any CPU.Build.0 = Debug|Any CPU
		{B7CA43B2-BB7F-46B1-9516-7CAFBC89816C}.Release|Any CPU.ActiveCfg = Release|Any CPU
		{B7CA43B2-BB7F-46B1-9516-7CAFBC89816C}.Release|Any CPU.Build.0 = Release|Any CPU
		{50D83134-6D3E-4398-B6F0-9C284D4BD560}.Debug|Any CPU.ActiveCfg = Debug|Any CPU
		{50D83134-6D3E-4398-B6F0-9C284D4BD560}.Debug|Any CPU.Build.0 = Debug|Any CPU
		{50D83134-6D3E-4398-B6F0-9C284D4BD560}.Release|Any CPU.ActiveCfg = Release|Any CPU
		{50D83134-6D3E-4398-B6F0-9C284D4BD560}.Release|Any CPU.Build.0 = Release|Any CPU
		{D6FF0CCD-0CD3-46D5-AB2B-9ABDC82AA016}.Debug|Any CPU.ActiveCfg = Debug|Any CPU
		{D6FF0CCD-0CD3-46D5-AB2B-9ABDC82AA016}.Debug|Any CPU.Build.0 = Debug|Any CPU
		{D6FF0CCD-0CD3-46D5-AB2B-9ABDC82AA016}.Release|Any CPU.ActiveCfg = Release|Any CPU
		{D6FF0CCD-0CD3-46D5-AB2B-9ABDC82AA016}.Release|Any CPU.Build.0 = Release|Any CPU
		{DF508951-93BE-4911-A918-EF23DDC0F608}.Debug|Any CPU.ActiveCfg = Debug|Any CPU
		{DF508951-93BE-4911-A918-EF23DDC0F608}.Debug|Any CPU.Build.0 = Debug|Any CPU
		{DF508951-93BE-4911-A918-EF23DDC0F608}.Release|Any CPU.ActiveCfg = Release|Any CPU
		{DF508951-93BE-4911-A918-EF23DDC0F608}.Release|Any CPU.Build.0 = Release|Any CPU
		{EF5860D4-A2BE-4F7B-B08F-304392ACD5D1}.Debug|Any CPU.ActiveCfg = Debug|Any CPU
		{EF5860D4-A2BE-4F7B-B08F-304392ACD5D1}.Debug|Any CPU.Build.0 = Debug|Any CPU
		{EF5860D4-A2BE-4F7B-B08F-304392ACD5D1}.Release|Any CPU.ActiveCfg = Release|Any CPU
		{EF5860D4-A2BE-4F7B-B08F-304392ACD5D1}.Release|Any CPU.Build.0 = Release|Any CPU
		{7DDE9935-910C-49E7-AA9F-3DC9E48548C6}.Debug|Any CPU.ActiveCfg = Debug|Any CPU
		{7DDE9935-910C-49E7-AA9F-3DC9E48548C6}.Debug|Any CPU.Build.0 = Debug|Any CPU
		{7DDE9935-910C-49E7-AA9F-3DC9E48548C6}.Release|Any CPU.ActiveCfg = Release|Any CPU
		{7DDE9935-910C-49E7-AA9F-3DC9E48548C6}.Release|Any CPU.Build.0 = Release|Any CPU
		{DCB52584-9304-43BB-A282-FAAE1382066D}.Debug|Any CPU.ActiveCfg = Debug|Any CPU
		{DCB52584-9304-43BB-A282-FAAE1382066D}.Debug|Any CPU.Build.0 = Debug|Any CPU
		{DCB52584-9304-43BB-A282-FAAE1382066D}.Release|Any CPU.ActiveCfg = Release|Any CPU
		{DCB52584-9304-43BB-A282-FAAE1382066D}.Release|Any CPU.Build.0 = Release|Any CPU
		{09842DE3-98DE-4961-B5E9-494C4D009106}.Debug|Any CPU.ActiveCfg = Debug|Any CPU
		{09842DE3-98DE-4961-B5E9-494C4D009106}.Debug|Any CPU.Build.0 = Debug|Any CPU
		{09842DE3-98DE-4961-B5E9-494C4D009106}.Release|Any CPU.ActiveCfg = Release|Any CPU
		{09842DE3-98DE-4961-B5E9-494C4D009106}.Release|Any CPU.Build.0 = Release|Any CPU
		{707FF74D-C1AF-44CC-ACB0-533B11684710}.Debug|Any CPU.ActiveCfg = Debug|Any CPU
		{707FF74D-C1AF-44CC-ACB0-533B11684710}.Debug|Any CPU.Build.0 = Debug|Any CPU
		{707FF74D-C1AF-44CC-ACB0-533B11684710}.Release|Any CPU.ActiveCfg = Release|Any CPU
		{707FF74D-C1AF-44CC-ACB0-533B11684710}.Release|Any CPU.Build.0 = Release|Any CPU
		{F5C73201-96E8-4A0D-B497-48ED1AF79DFE}.Debug|Any CPU.ActiveCfg = Debug|Any CPU
		{F5C73201-96E8-4A0D-B497-48ED1AF79DFE}.Debug|Any CPU.Build.0 = Debug|Any CPU
		{F5C73201-96E8-4A0D-B497-48ED1AF79DFE}.Release|Any CPU.ActiveCfg = Release|Any CPU
		{F5C73201-96E8-4A0D-B497-48ED1AF79DFE}.Release|Any CPU.Build.0 = Release|Any CPU
		{822FA6E6-B970-4C2D-BDDD-D4676143AEBC}.Debug|Any CPU.ActiveCfg = Debug|Any CPU
		{822FA6E6-B970-4C2D-BDDD-D4676143AEBC}.Debug|Any CPU.Build.0 = Debug|Any CPU
		{822FA6E6-B970-4C2D-BDDD-D4676143AEBC}.Release|Any CPU.ActiveCfg = Release|Any CPU
		{822FA6E6-B970-4C2D-BDDD-D4676143AEBC}.Release|Any CPU.Build.0 = Release|Any CPU
	EndGlobalSection
	GlobalSection(SolutionProperties) = preSolution
		HideSolutionNode = FALSE
	EndGlobalSection
	GlobalSection(NestedProjects) = preSolution
		{36BBA44F-9A2F-413B-971D-C347BAF87B2A} = {79DE0448-1BF2-48D2-8A33-243E402CFD27}
		{1A9BCE53-79D0-4761-B3A2-6967B610FA94} = {79DE0448-1BF2-48D2-8A33-243E402CFD27}
		{EF84F485-549D-49BC-BA35-73565E289954} = {CD412C3D-63D0-4726-B4C3-FEF701E4DCAF}
		{1100B18D-2B77-45F5-8CC5-DCE1C126AE1C} = {79DE0448-1BF2-48D2-8A33-243E402CFD27}
		{B7CA43B2-BB7F-46B1-9516-7CAFBC89816C} = {1100B18D-2B77-45F5-8CC5-DCE1C126AE1C}
		{0E809C1E-CBF5-42E4-8624-2E244A52E422} = {79DE0448-1BF2-48D2-8A33-243E402CFD27}
		{99012513-4E98-4AE3-BE7B-6D87E66027C4} = {9BBB4102-C443-4000-9B12-31A3999A3529}
		{51E8AA0D-7994-4381-89E8-FAF5476AAAD1} = {99012513-4E98-4AE3-BE7B-6D87E66027C4}
		{D71B3F97-842B-402F-B2DA-256A73307C6B} = {51E8AA0D-7994-4381-89E8-FAF5476AAAD1}
		{50D83134-6D3E-4398-B6F0-9C284D4BD560} = {D71B3F97-842B-402F-B2DA-256A73307C6B}
		{032B30B9-A2C8-4290-BD37-44E259A8EA38} = {51E8AA0D-7994-4381-89E8-FAF5476AAAD1}
		{D6FF0CCD-0CD3-46D5-AB2B-9ABDC82AA016} = {032B30B9-A2C8-4290-BD37-44E259A8EA38}
		{819F5C3A-CEA6-4E2F-9C46-F02400D71C03} = {99012513-4E98-4AE3-BE7B-6D87E66027C4}
		{2F36AAD7-5148-4C39-84A6-4AF9C2E711C0} = {819F5C3A-CEA6-4E2F-9C46-F02400D71C03}
		{E4C23522-AFFA-4B1D-81BA-0818F305A034} = {819F5C3A-CEA6-4E2F-9C46-F02400D71C03}
		{DF508951-93BE-4911-A918-EF23DDC0F608} = {2F36AAD7-5148-4C39-84A6-4AF9C2E711C0}
		{EF5860D4-A2BE-4F7B-B08F-304392ACD5D1} = {E4C23522-AFFA-4B1D-81BA-0818F305A034}
		{C7BB45B1-4D77-4670-9D96-710BD7816E0C} = {99012513-4E98-4AE3-BE7B-6D87E66027C4}
		{389F4DCF-2E1A-4B98-ABFB-6B1C4BE5270D} = {EF84F485-549D-49BC-BA35-73565E289954}
		{7DDE9935-910C-49E7-AA9F-3DC9E48548C6} = {389F4DCF-2E1A-4B98-ABFB-6B1C4BE5270D}
		{DCB52584-9304-43BB-A282-FAAE1382066D} = {389F4DCF-2E1A-4B98-ABFB-6B1C4BE5270D}
		{09842DE3-98DE-4961-B5E9-494C4D009106} = {389F4DCF-2E1A-4B98-ABFB-6B1C4BE5270D}
		{0B81C6C7-DB6F-4AA5-9542-3AAAF7E44C8F} = {CD412C3D-63D0-4726-B4C3-FEF701E4DCAF}
		{707FF74D-C1AF-44CC-ACB0-533B11684710} = {0B81C6C7-DB6F-4AA5-9542-3AAAF7E44C8F}
		{F5C73201-96E8-4A0D-B497-48ED1AF79DFE} = {36BBA44F-9A2F-413B-971D-C347BAF87B2A}
		{822FA6E6-B970-4C2D-BDDD-D4676143AEBC} = {0E809C1E-CBF5-42E4-8624-2E244A52E422}
	EndGlobalSection
	GlobalSection(ExtensibilityGlobals) = postSolution
		SolutionGuid = {1285A466-2AF6-43E6-8DCC-2F93A5D5F02E}
	EndGlobalSection
EndGlobal
