
Microsoft Visual Studio Solution File, Format Version 12.00
# Visual Studio Version 17
VisualStudioVersion = 17.0.31912.275
MinimumVisualStudioVersion = 10.0.40219.1
Project("{2150E333-8FDC-42A3-9474-1A3956D46DE8}") = "Sources", "Sources", "{79DE0448-1BF2-48D2-8A33-243E402CFD27}"
EndProject
Project("{2150E333-8FDC-42A3-9474-1A3956D46DE8}") = "Compute", "Compute", "{36BBA44F-9A2F-413B-971D-C347BAF87B2A}"
EndProject
Project("{2150E333-8FDC-42A3-9474-1A3956D46DE8}") = "Tests", "Tests", "{CD412C3D-63D0-4726-B4C3-FEF701E4DCAF}"
EndProject
Project("{2150E333-8FDC-42A3-9474-1A3956D46DE8}") = "Adapters", "Adapters", "{1A9BCE53-79D0-4761-B3A2-6967B610FA94}"
EndProject
Project("{2150E333-8FDC-42A3-9474-1A3956D46DE8}") = "DevelopmentKit", "DevelopmentKit", "{EF84F485-549D-49BC-BA35-73565E289954}"
EndProject
Project("{2150E333-8FDC-42A3-9474-1A3956D46DE8}") = "DevelopmentKit", "DevelopmentKit", "{9BBB4102-C443-4000-9B12-31A3999A3529}"
EndProject
Project("{2150E333-8FDC-42A3-9474-1A3956D46DE8}") = "Core", "Core", "{1100B18D-2B77-45F5-8CC5-DCE1C126AE1C}"
EndProject
Project("{9A19103F-16F7-4668-BE54-9A1E7A4F7556}") = "ArmoniK.Core", "src\Core\src\ArmoniK.Core.csproj", "{B7CA43B2-BB7F-46B1-9516-7CAFBC89816C}"
EndProject
Project("{2150E333-8FDC-42A3-9474-1A3956D46DE8}") = "Control", "Control", "{0E809C1E-CBF5-42E4-8624-2E244A52E422}"
EndProject
Project("{2150E333-8FDC-42A3-9474-1A3956D46DE8}") = "csharp", "csharp", "{99012513-4E98-4AE3-BE7B-6D87E66027C4}"
EndProject
Project("{2150E333-8FDC-42A3-9474-1A3956D46DE8}") = "Generated", "Generated", "{51E8AA0D-7994-4381-89E8-FAF5476AAAD1}"
EndProject
Project("{2150E333-8FDC-42A3-9474-1A3956D46DE8}") = "SymphonyApi", "SymphonyApi", "{819F5C3A-CEA6-4E2F-9C46-F02400D71C03}"
EndProject
Project("{2150E333-8FDC-42A3-9474-1A3956D46DE8}") = "DataSynapseApi", "DataSynapseApi", "{C7BB45B1-4D77-4670-9D96-710BD7816E0C}"
EndProject
Project("{2150E333-8FDC-42A3-9474-1A3956D46DE8}") = "Generated", "Generated", "{389F4DCF-2E1A-4B98-ABFB-6B1C4BE5270D}"
EndProject
Project("{2150E333-8FDC-42A3-9474-1A3956D46DE8}") = "Core", "Core", "{0B81C6C7-DB6F-4AA5-9542-3AAAF7E44C8F}"
EndProject
Project("{9A19103F-16F7-4668-BE54-9A1E7A4F7556}") = "ArmoniK.Core.Tests", "src\Core\tests\ArmoniK.Core.Tests\ArmoniK.Core.Tests.csproj", "{707FF74D-C1AF-44CC-ACB0-533B11684710}"
EndProject
Project("{2150E333-8FDC-42A3-9474-1A3956D46DE8}") = "Adapters", "Adapters", "{2D548C40-6260-4A4E-9C56-E8A80C639E13}"
EndProject
Project("{E53339B2-1760-4266-BCC7-CA923CBCF16C}") = "docker-compose", "docker-compose.dcproj", "{F9AE2D45-CDFD-4FB1-A1D7-0D1061F19326}"
EndProject
Project("{2150E333-8FDC-42A3-9474-1A3956D46DE8}") = "Samples", "Samples", "{ED1CD14A-5622-412E-AE86-3F5DBBC48497}"
EndProject
Project("{2150E333-8FDC-42A3-9474-1A3956D46DE8}") = "HelloWorld", "HelloWorld", "{756699C0-8D4F-4FA3-A6B9-CD4C73121578}"
EndProject
Project("{9A19103F-16F7-4668-BE54-9A1E7A4F7556}") = "ArmoniK.HelloWorld.Worker", "Samples\HelloWorld\GridWorker\src\ArmoniK.HelloWorld.Worker.csproj", "{94C05011-C128-4A6F-9DC1-995D8E9C83F6}"
EndProject
Project("{9A19103F-16F7-4668-BE54-9A1E7A4F7556}") = "ArmoniK.HelloWorld.Client", "Samples\HelloWorld\Client\src\ArmoniK.HelloWorld.Client.csproj", "{316A4A72-4E70-4A49-B923-A3D76357DCBC}"
EndProject
Project("{2150E333-8FDC-42A3-9474-1A3956D46DE8}") = "HtcMock", "HtcMock", "{C5CC2D24-36BA-45D9-8660-72DA539F722A}"
EndProject
Project("{2150E333-8FDC-42A3-9474-1A3956D46DE8}") = "Samples", "Samples", "{413634D0-0359-4BA2-AFCE-714BDE1C7BE7}"
EndProject
Project("{9A19103F-16F7-4668-BE54-9A1E7A4F7556}") = "ArmoniK.Csharp", "DevelopmentKit\csharp\Generated\src\ArmoniK.Csharp.csproj", "{1238367E-D2F9-4C07-8A3C-A942842602D0}"
EndProject
Project("{9A19103F-16F7-4668-BE54-9A1E7A4F7556}") = "ArmoniK.Samples.HtcMock.Client", "Samples\HtcMock\Client\src\ArmoniK.Samples.HtcMock.Client.csproj", "{98F99284-77BA-4A49-A224-34B07683D70D}"
EndProject
Project("{9A19103F-16F7-4668-BE54-9A1E7A4F7556}") = "ArmoniK.Samples.HtcMock.GridWorker", "Samples\HtcMock\GridWorker\src\ArmoniK.Samples.HtcMock.GridWorker.csproj", "{2B6A7911-50AF-48DD-A8B3-B1E27C983681}"
EndProject
Project("{9A19103F-16F7-4668-BE54-9A1E7A4F7556}") = "ArmoniK.Adapters.Amqp", "src\Adaptors\Amqp\src\ArmoniK.Adapters.Amqp.csproj", "{30F9056A-8FE3-4971-94A7-1113225E951B}"
EndProject
Project("{9A19103F-16F7-4668-BE54-9A1E7A4F7556}") = "ArmoniK.Adapters.MongoDB", "src\Adaptors\MongoDB\src\ArmoniK.Adapters.MongoDB.csproj", "{15EC4DEA-8FB6-4394-8E6F-EEF96A8F0FF2}"
EndProject
Project("{9A19103F-16F7-4668-BE54-9A1E7A4F7556}") = "ArmoniK.Compute.PollingAgent", "src\Compute\PollingAgent\src\ArmoniK.Compute.PollingAgent.csproj", "{CAF59DC7-ED7B-4FA5-9031-4590282ACA0F}"
EndProject
Project("{9A19103F-16F7-4668-BE54-9A1E7A4F7556}") = "ArmoniK.Control", "src\Control\src\ArmoniK.Control.csproj", "{235087F2-A0EA-431A-9A15-B121F181D071}"
EndProject
Project("{9A19103F-16F7-4668-BE54-9A1E7A4F7556}") = "ArmoniK.Adapters.MongoDB.Tests", "src\Adaptors\MongoDB\tests\ArmoniK.Adapters.MongoDB.Tests.csproj", "{0AFE4810-2178-461D-BF84-4C562A2137FA}"
EndProject
Project("{9A19103F-16F7-4668-BE54-9A1E7A4F7556}") = "ArmoniK.Samples.HtcMock.Adapter", "Samples\HtcMock\Adapter\src\ArmoniK.Samples.HtcMock.Adapter.csproj", "{AAD215E4-631C-4ABA-83C7-5324BEF3FC96}"
EndProject
Project("{2150E333-8FDC-42A3-9474-1A3956D46DE8}") = "HtcMock", "HtcMock", "{36824958-A479-4CA5-B180-CB4F230FBE2B}"
EndProject
Project("{9A19103F-16F7-4668-BE54-9A1E7A4F7556}") = "ArmoniK.Samples.HtcMock.Adapters.Tests", "Samples\HtcMock\Adapter\tests\ArmoniK.Samples.HtcMock.Adapters.Tests.csproj", "{ABCBE6CA-EB57-4A0C-84C0-7FEB500F3D09}"
EndProject
Project("{9A19103F-16F7-4668-BE54-9A1E7A4F7556}") = "ArmoniK.DevelopmentKit.Common", "DevelopmentKit\csharp\Common\ArmoniK.DevelopmentKit.Common\ArmoniK.DevelopmentKit.Common.csproj", "{4206D5A0-FC80-4468-8181-0273C5EF19D5}"
EndProject
Project("{2150E333-8FDC-42A3-9474-1A3956D46DE8}") = "Common", "Common", "{73FE6816-7410-4B83-9F24-2F4666D4966A}"
EndProject
Project("{9A19103F-16F7-4668-BE54-9A1E7A4F7556}") = "ArmoniK.DevelopmentKit.SymphonyApi", "DevelopmentKit\csharp\SymphonyApi\ArmoniK.DevelopmentKit.SymphonyApi\ArmoniK.DevelopmentKit.SymphonyApi.csproj", "{E69A2504-235C-4403-AC66-01F312D8F1D7}"
EndProject
Project("{9A19103F-16F7-4668-BE54-9A1E7A4F7556}") = "ArmoniK.DevelopmentKit.SymphonyApi.Client", "DevelopmentKit\csharp\SymphonyApi\ArmoniK.DevelopmentKit.SymphonyApi.Client\ArmoniK.DevelopmentKit.SymphonyApi.Client.csproj", "{7EC5AA20-B4B5-485E-900C-AAE1E372A17B}"
EndProject
Project("{2150E333-8FDC-42A3-9474-1A3956D46DE8}") = "WorkerApi", "WorkerApi", "{405A08BF-360C-4344-B015-3B9AB5B50044}"
EndProject
Project("{9A19103F-16F7-4668-BE54-9A1E7A4F7556}") = "Armonik.DevelopmentKit.WorkerApi.Common", "DevelopmentKit\csharp\WorkerApi\ArmoniK.DevelopmentKit.WorkerApi.Common\Armonik.DevelopmentKit.WorkerApi.Common.csproj", "{C303206B-FEBB-412D-9CC4-9E503E26ECB3}"
EndProject
Project("{9A19103F-16F7-4668-BE54-9A1E7A4F7556}") = "ArmoniK.DevelopmentKit.WorkerApi", "DevelopmentKit\csharp\WorkerApi\ArmoniK.DevelopmentKit.WorkerApi\ArmoniK.DevelopmentKit.WorkerApi.csproj", "{3EA24A5F-DFC7-4CDB-B352-FA485A16A173}"
EndProject
Project("{2150E333-8FDC-42A3-9474-1A3956D46DE8}") = "tools", "tools", "{32C3A803-8BF6-4F29-8B1A-9F5EC97ED971}"
	ProjectSection(SolutionItems) = preProject
		imgs.py = imgs.py
		rebuild.sh = rebuild.sh
	EndProjectSection
EndProject
Project("{2150E333-8FDC-42A3-9474-1A3956D46DE8}") = "Versioning", "Versioning", "{A12D37A5-9B85-4ABB-9056-865F62C390C0}"
	ProjectSection(SolutionItems) = preProject
		Versions.xml = Versions.xml
	EndProjectSection
EndProject
Global
	GlobalSection(SolutionConfigurationPlatforms) = preSolution
		Debug|Any CPU = Debug|Any CPU
		Debug|x64 = Debug|x64
		Release|Any CPU = Release|Any CPU
		Release|x64 = Release|x64
	EndGlobalSection
	GlobalSection(ProjectConfigurationPlatforms) = postSolution
		{B7CA43B2-BB7F-46B1-9516-7CAFBC89816C}.Debug|Any CPU.ActiveCfg = Debug|Any CPU
		{B7CA43B2-BB7F-46B1-9516-7CAFBC89816C}.Debug|Any CPU.Build.0 = Debug|Any CPU
		{B7CA43B2-BB7F-46B1-9516-7CAFBC89816C}.Debug|x64.ActiveCfg = Debug|Any CPU
		{B7CA43B2-BB7F-46B1-9516-7CAFBC89816C}.Debug|x64.Build.0 = Debug|Any CPU
		{B7CA43B2-BB7F-46B1-9516-7CAFBC89816C}.Release|Any CPU.ActiveCfg = Release|Any CPU
		{B7CA43B2-BB7F-46B1-9516-7CAFBC89816C}.Release|Any CPU.Build.0 = Release|Any CPU
		{B7CA43B2-BB7F-46B1-9516-7CAFBC89816C}.Release|x64.ActiveCfg = Release|Any CPU
		{B7CA43B2-BB7F-46B1-9516-7CAFBC89816C}.Release|x64.Build.0 = Release|Any CPU
		{707FF74D-C1AF-44CC-ACB0-533B11684710}.Debug|Any CPU.ActiveCfg = Debug|Any CPU
		{707FF74D-C1AF-44CC-ACB0-533B11684710}.Debug|Any CPU.Build.0 = Debug|Any CPU
		{707FF74D-C1AF-44CC-ACB0-533B11684710}.Debug|x64.ActiveCfg = Debug|Any CPU
		{707FF74D-C1AF-44CC-ACB0-533B11684710}.Debug|x64.Build.0 = Debug|Any CPU
		{707FF74D-C1AF-44CC-ACB0-533B11684710}.Release|Any CPU.ActiveCfg = Release|Any CPU
		{707FF74D-C1AF-44CC-ACB0-533B11684710}.Release|Any CPU.Build.0 = Release|Any CPU
		{707FF74D-C1AF-44CC-ACB0-533B11684710}.Release|x64.ActiveCfg = Release|Any CPU
		{707FF74D-C1AF-44CC-ACB0-533B11684710}.Release|x64.Build.0 = Release|Any CPU
		{F9AE2D45-CDFD-4FB1-A1D7-0D1061F19326}.Debug|Any CPU.ActiveCfg = Debug|Any CPU
		{F9AE2D45-CDFD-4FB1-A1D7-0D1061F19326}.Debug|Any CPU.Build.0 = Debug|Any CPU
		{F9AE2D45-CDFD-4FB1-A1D7-0D1061F19326}.Debug|x64.ActiveCfg = Debug|Any CPU
		{F9AE2D45-CDFD-4FB1-A1D7-0D1061F19326}.Debug|x64.Build.0 = Debug|Any CPU
		{F9AE2D45-CDFD-4FB1-A1D7-0D1061F19326}.Release|Any CPU.ActiveCfg = Release|Any CPU
		{F9AE2D45-CDFD-4FB1-A1D7-0D1061F19326}.Release|Any CPU.Build.0 = Release|Any CPU
		{F9AE2D45-CDFD-4FB1-A1D7-0D1061F19326}.Release|x64.ActiveCfg = Release|Any CPU
		{F9AE2D45-CDFD-4FB1-A1D7-0D1061F19326}.Release|x64.Build.0 = Release|Any CPU
		{94C05011-C128-4A6F-9DC1-995D8E9C83F6}.Debug|Any CPU.ActiveCfg = Debug|Any CPU
		{94C05011-C128-4A6F-9DC1-995D8E9C83F6}.Debug|Any CPU.Build.0 = Debug|Any CPU
		{94C05011-C128-4A6F-9DC1-995D8E9C83F6}.Debug|x64.ActiveCfg = Debug|Any CPU
		{94C05011-C128-4A6F-9DC1-995D8E9C83F6}.Debug|x64.Build.0 = Debug|Any CPU
		{94C05011-C128-4A6F-9DC1-995D8E9C83F6}.Release|Any CPU.ActiveCfg = Release|Any CPU
		{94C05011-C128-4A6F-9DC1-995D8E9C83F6}.Release|Any CPU.Build.0 = Release|Any CPU
		{94C05011-C128-4A6F-9DC1-995D8E9C83F6}.Release|x64.ActiveCfg = Release|Any CPU
		{94C05011-C128-4A6F-9DC1-995D8E9C83F6}.Release|x64.Build.0 = Release|Any CPU
		{316A4A72-4E70-4A49-B923-A3D76357DCBC}.Debug|Any CPU.ActiveCfg = Debug|Any CPU
		{316A4A72-4E70-4A49-B923-A3D76357DCBC}.Debug|Any CPU.Build.0 = Debug|Any CPU
		{316A4A72-4E70-4A49-B923-A3D76357DCBC}.Debug|x64.ActiveCfg = Debug|Any CPU
		{316A4A72-4E70-4A49-B923-A3D76357DCBC}.Debug|x64.Build.0 = Debug|Any CPU
		{316A4A72-4E70-4A49-B923-A3D76357DCBC}.Release|Any CPU.ActiveCfg = Release|Any CPU
		{316A4A72-4E70-4A49-B923-A3D76357DCBC}.Release|Any CPU.Build.0 = Release|Any CPU
		{316A4A72-4E70-4A49-B923-A3D76357DCBC}.Release|x64.ActiveCfg = Release|Any CPU
		{316A4A72-4E70-4A49-B923-A3D76357DCBC}.Release|x64.Build.0 = Release|Any CPU
		{1238367E-D2F9-4C07-8A3C-A942842602D0}.Debug|Any CPU.ActiveCfg = Debug|Any CPU
		{1238367E-D2F9-4C07-8A3C-A942842602D0}.Debug|Any CPU.Build.0 = Debug|Any CPU
		{1238367E-D2F9-4C07-8A3C-A942842602D0}.Debug|x64.ActiveCfg = Debug|Any CPU
		{1238367E-D2F9-4C07-8A3C-A942842602D0}.Debug|x64.Build.0 = Debug|Any CPU
		{1238367E-D2F9-4C07-8A3C-A942842602D0}.Release|Any CPU.ActiveCfg = Release|Any CPU
		{1238367E-D2F9-4C07-8A3C-A942842602D0}.Release|Any CPU.Build.0 = Release|Any CPU
		{1238367E-D2F9-4C07-8A3C-A942842602D0}.Release|x64.ActiveCfg = Release|Any CPU
		{1238367E-D2F9-4C07-8A3C-A942842602D0}.Release|x64.Build.0 = Release|Any CPU
		{98F99284-77BA-4A49-A224-34B07683D70D}.Debug|Any CPU.ActiveCfg = Debug|Any CPU
		{98F99284-77BA-4A49-A224-34B07683D70D}.Debug|Any CPU.Build.0 = Debug|Any CPU
		{98F99284-77BA-4A49-A224-34B07683D70D}.Debug|x64.ActiveCfg = Debug|Any CPU
		{98F99284-77BA-4A49-A224-34B07683D70D}.Debug|x64.Build.0 = Debug|Any CPU
		{98F99284-77BA-4A49-A224-34B07683D70D}.Release|Any CPU.ActiveCfg = Release|Any CPU
		{98F99284-77BA-4A49-A224-34B07683D70D}.Release|Any CPU.Build.0 = Release|Any CPU
		{98F99284-77BA-4A49-A224-34B07683D70D}.Release|x64.ActiveCfg = Release|Any CPU
		{98F99284-77BA-4A49-A224-34B07683D70D}.Release|x64.Build.0 = Release|Any CPU
		{2B6A7911-50AF-48DD-A8B3-B1E27C983681}.Debug|Any CPU.ActiveCfg = Debug|Any CPU
		{2B6A7911-50AF-48DD-A8B3-B1E27C983681}.Debug|Any CPU.Build.0 = Debug|Any CPU
		{2B6A7911-50AF-48DD-A8B3-B1E27C983681}.Debug|x64.ActiveCfg = Debug|Any CPU
		{2B6A7911-50AF-48DD-A8B3-B1E27C983681}.Debug|x64.Build.0 = Debug|Any CPU
		{2B6A7911-50AF-48DD-A8B3-B1E27C983681}.Release|Any CPU.ActiveCfg = Release|Any CPU
		{2B6A7911-50AF-48DD-A8B3-B1E27C983681}.Release|Any CPU.Build.0 = Release|Any CPU
		{2B6A7911-50AF-48DD-A8B3-B1E27C983681}.Release|x64.ActiveCfg = Release|Any CPU
		{2B6A7911-50AF-48DD-A8B3-B1E27C983681}.Release|x64.Build.0 = Release|Any CPU
		{30F9056A-8FE3-4971-94A7-1113225E951B}.Debug|Any CPU.ActiveCfg = Debug|Any CPU
		{30F9056A-8FE3-4971-94A7-1113225E951B}.Debug|Any CPU.Build.0 = Debug|Any CPU
		{30F9056A-8FE3-4971-94A7-1113225E951B}.Debug|x64.ActiveCfg = Debug|Any CPU
		{30F9056A-8FE3-4971-94A7-1113225E951B}.Debug|x64.Build.0 = Debug|Any CPU
		{30F9056A-8FE3-4971-94A7-1113225E951B}.Release|Any CPU.ActiveCfg = Release|Any CPU
		{30F9056A-8FE3-4971-94A7-1113225E951B}.Release|Any CPU.Build.0 = Release|Any CPU
		{30F9056A-8FE3-4971-94A7-1113225E951B}.Release|x64.ActiveCfg = Release|Any CPU
		{30F9056A-8FE3-4971-94A7-1113225E951B}.Release|x64.Build.0 = Release|Any CPU
		{15EC4DEA-8FB6-4394-8E6F-EEF96A8F0FF2}.Debug|Any CPU.ActiveCfg = Debug|Any CPU
		{15EC4DEA-8FB6-4394-8E6F-EEF96A8F0FF2}.Debug|Any CPU.Build.0 = Debug|Any CPU
		{15EC4DEA-8FB6-4394-8E6F-EEF96A8F0FF2}.Debug|x64.ActiveCfg = Debug|Any CPU
		{15EC4DEA-8FB6-4394-8E6F-EEF96A8F0FF2}.Debug|x64.Build.0 = Debug|Any CPU
		{15EC4DEA-8FB6-4394-8E6F-EEF96A8F0FF2}.Release|Any CPU.ActiveCfg = Release|Any CPU
		{15EC4DEA-8FB6-4394-8E6F-EEF96A8F0FF2}.Release|Any CPU.Build.0 = Release|Any CPU
		{15EC4DEA-8FB6-4394-8E6F-EEF96A8F0FF2}.Release|x64.ActiveCfg = Release|Any CPU
		{15EC4DEA-8FB6-4394-8E6F-EEF96A8F0FF2}.Release|x64.Build.0 = Release|Any CPU
		{CAF59DC7-ED7B-4FA5-9031-4590282ACA0F}.Debug|Any CPU.ActiveCfg = Debug|Any CPU
		{CAF59DC7-ED7B-4FA5-9031-4590282ACA0F}.Debug|Any CPU.Build.0 = Debug|Any CPU
		{CAF59DC7-ED7B-4FA5-9031-4590282ACA0F}.Debug|x64.ActiveCfg = Debug|Any CPU
		{CAF59DC7-ED7B-4FA5-9031-4590282ACA0F}.Debug|x64.Build.0 = Debug|Any CPU
		{CAF59DC7-ED7B-4FA5-9031-4590282ACA0F}.Release|Any CPU.ActiveCfg = Release|Any CPU
		{CAF59DC7-ED7B-4FA5-9031-4590282ACA0F}.Release|Any CPU.Build.0 = Release|Any CPU
		{CAF59DC7-ED7B-4FA5-9031-4590282ACA0F}.Release|x64.ActiveCfg = Release|Any CPU
		{CAF59DC7-ED7B-4FA5-9031-4590282ACA0F}.Release|x64.Build.0 = Release|Any CPU
		{235087F2-A0EA-431A-9A15-B121F181D071}.Debug|Any CPU.ActiveCfg = Debug|Any CPU
		{235087F2-A0EA-431A-9A15-B121F181D071}.Debug|Any CPU.Build.0 = Debug|Any CPU
		{235087F2-A0EA-431A-9A15-B121F181D071}.Debug|x64.ActiveCfg = Debug|Any CPU
		{235087F2-A0EA-431A-9A15-B121F181D071}.Debug|x64.Build.0 = Debug|Any CPU
		{235087F2-A0EA-431A-9A15-B121F181D071}.Release|Any CPU.ActiveCfg = Release|Any CPU
		{235087F2-A0EA-431A-9A15-B121F181D071}.Release|Any CPU.Build.0 = Release|Any CPU
		{235087F2-A0EA-431A-9A15-B121F181D071}.Release|x64.ActiveCfg = Release|Any CPU
		{235087F2-A0EA-431A-9A15-B121F181D071}.Release|x64.Build.0 = Release|Any CPU
		{0AFE4810-2178-461D-BF84-4C562A2137FA}.Debug|Any CPU.ActiveCfg = Debug|Any CPU
		{0AFE4810-2178-461D-BF84-4C562A2137FA}.Debug|Any CPU.Build.0 = Debug|Any CPU
		{0AFE4810-2178-461D-BF84-4C562A2137FA}.Debug|x64.ActiveCfg = Debug|Any CPU
		{0AFE4810-2178-461D-BF84-4C562A2137FA}.Debug|x64.Build.0 = Debug|Any CPU
		{0AFE4810-2178-461D-BF84-4C562A2137FA}.Release|Any CPU.ActiveCfg = Release|Any CPU
		{0AFE4810-2178-461D-BF84-4C562A2137FA}.Release|Any CPU.Build.0 = Release|Any CPU
		{0AFE4810-2178-461D-BF84-4C562A2137FA}.Release|x64.ActiveCfg = Release|Any CPU
		{0AFE4810-2178-461D-BF84-4C562A2137FA}.Release|x64.Build.0 = Release|Any CPU
		{AAD215E4-631C-4ABA-83C7-5324BEF3FC96}.Debug|Any CPU.ActiveCfg = Debug|Any CPU
		{AAD215E4-631C-4ABA-83C7-5324BEF3FC96}.Debug|Any CPU.Build.0 = Debug|Any CPU
		{AAD215E4-631C-4ABA-83C7-5324BEF3FC96}.Debug|x64.ActiveCfg = Debug|Any CPU
		{AAD215E4-631C-4ABA-83C7-5324BEF3FC96}.Debug|x64.Build.0 = Debug|Any CPU
		{AAD215E4-631C-4ABA-83C7-5324BEF3FC96}.Release|Any CPU.ActiveCfg = Release|Any CPU
		{AAD215E4-631C-4ABA-83C7-5324BEF3FC96}.Release|Any CPU.Build.0 = Release|Any CPU
		{AAD215E4-631C-4ABA-83C7-5324BEF3FC96}.Release|x64.ActiveCfg = Release|Any CPU
		{AAD215E4-631C-4ABA-83C7-5324BEF3FC96}.Release|x64.Build.0 = Release|Any CPU
		{ABCBE6CA-EB57-4A0C-84C0-7FEB500F3D09}.Debug|Any CPU.ActiveCfg = Debug|Any CPU
		{ABCBE6CA-EB57-4A0C-84C0-7FEB500F3D09}.Debug|Any CPU.Build.0 = Debug|Any CPU
		{ABCBE6CA-EB57-4A0C-84C0-7FEB500F3D09}.Debug|x64.ActiveCfg = Debug|Any CPU
		{ABCBE6CA-EB57-4A0C-84C0-7FEB500F3D09}.Debug|x64.Build.0 = Debug|Any CPU
		{ABCBE6CA-EB57-4A0C-84C0-7FEB500F3D09}.Release|Any CPU.ActiveCfg = Release|Any CPU
		{ABCBE6CA-EB57-4A0C-84C0-7FEB500F3D09}.Release|Any CPU.Build.0 = Release|Any CPU
		{ABCBE6CA-EB57-4A0C-84C0-7FEB500F3D09}.Release|x64.ActiveCfg = Release|Any CPU
		{ABCBE6CA-EB57-4A0C-84C0-7FEB500F3D09}.Release|x64.Build.0 = Release|Any CPU
		{4206D5A0-FC80-4468-8181-0273C5EF19D5}.Debug|Any CPU.ActiveCfg = Debug|Any CPU
		{4206D5A0-FC80-4468-8181-0273C5EF19D5}.Debug|Any CPU.Build.0 = Debug|Any CPU
		{4206D5A0-FC80-4468-8181-0273C5EF19D5}.Debug|x64.ActiveCfg = Debug|Any CPU
		{4206D5A0-FC80-4468-8181-0273C5EF19D5}.Debug|x64.Build.0 = Debug|Any CPU
		{4206D5A0-FC80-4468-8181-0273C5EF19D5}.Release|Any CPU.ActiveCfg = Release|Any CPU
		{4206D5A0-FC80-4468-8181-0273C5EF19D5}.Release|Any CPU.Build.0 = Release|Any CPU
		{4206D5A0-FC80-4468-8181-0273C5EF19D5}.Release|x64.ActiveCfg = Release|Any CPU
		{4206D5A0-FC80-4468-8181-0273C5EF19D5}.Release|x64.Build.0 = Release|Any CPU
		{E69A2504-235C-4403-AC66-01F312D8F1D7}.Debug|Any CPU.ActiveCfg = Debug|Any CPU
		{E69A2504-235C-4403-AC66-01F312D8F1D7}.Debug|Any CPU.Build.0 = Debug|Any CPU
		{E69A2504-235C-4403-AC66-01F312D8F1D7}.Debug|x64.ActiveCfg = Debug|Any CPU
		{E69A2504-235C-4403-AC66-01F312D8F1D7}.Debug|x64.Build.0 = Debug|Any CPU
		{E69A2504-235C-4403-AC66-01F312D8F1D7}.Release|Any CPU.ActiveCfg = Release|Any CPU
		{E69A2504-235C-4403-AC66-01F312D8F1D7}.Release|Any CPU.Build.0 = Release|Any CPU
		{E69A2504-235C-4403-AC66-01F312D8F1D7}.Release|x64.ActiveCfg = Release|Any CPU
		{E69A2504-235C-4403-AC66-01F312D8F1D7}.Release|x64.Build.0 = Release|Any CPU
		{7EC5AA20-B4B5-485E-900C-AAE1E372A17B}.Debug|Any CPU.ActiveCfg = Debug|Any CPU
		{7EC5AA20-B4B5-485E-900C-AAE1E372A17B}.Debug|Any CPU.Build.0 = Debug|Any CPU
		{7EC5AA20-B4B5-485E-900C-AAE1E372A17B}.Debug|x64.ActiveCfg = Debug|Any CPU
		{7EC5AA20-B4B5-485E-900C-AAE1E372A17B}.Debug|x64.Build.0 = Debug|Any CPU
		{7EC5AA20-B4B5-485E-900C-AAE1E372A17B}.Release|Any CPU.ActiveCfg = Release|Any CPU
		{7EC5AA20-B4B5-485E-900C-AAE1E372A17B}.Release|Any CPU.Build.0 = Release|Any CPU
		{7EC5AA20-B4B5-485E-900C-AAE1E372A17B}.Release|x64.ActiveCfg = Release|Any CPU
		{7EC5AA20-B4B5-485E-900C-AAE1E372A17B}.Release|x64.Build.0 = Release|Any CPU
		{C303206B-FEBB-412D-9CC4-9E503E26ECB3}.Debug|Any CPU.ActiveCfg = Debug|Any CPU
		{C303206B-FEBB-412D-9CC4-9E503E26ECB3}.Debug|Any CPU.Build.0 = Debug|Any CPU
		{C303206B-FEBB-412D-9CC4-9E503E26ECB3}.Debug|x64.ActiveCfg = Debug|Any CPU
		{C303206B-FEBB-412D-9CC4-9E503E26ECB3}.Debug|x64.Build.0 = Debug|Any CPU
		{C303206B-FEBB-412D-9CC4-9E503E26ECB3}.Release|Any CPU.ActiveCfg = Release|Any CPU
		{C303206B-FEBB-412D-9CC4-9E503E26ECB3}.Release|Any CPU.Build.0 = Release|Any CPU
		{C303206B-FEBB-412D-9CC4-9E503E26ECB3}.Release|x64.ActiveCfg = Release|Any CPU
		{C303206B-FEBB-412D-9CC4-9E503E26ECB3}.Release|x64.Build.0 = Release|Any CPU
		{3EA24A5F-DFC7-4CDB-B352-FA485A16A173}.Debug|Any CPU.ActiveCfg = Debug|Any CPU
		{3EA24A5F-DFC7-4CDB-B352-FA485A16A173}.Debug|Any CPU.Build.0 = Debug|Any CPU
		{3EA24A5F-DFC7-4CDB-B352-FA485A16A173}.Debug|x64.ActiveCfg = Debug|Any CPU
		{3EA24A5F-DFC7-4CDB-B352-FA485A16A173}.Debug|x64.Build.0 = Debug|Any CPU
		{3EA24A5F-DFC7-4CDB-B352-FA485A16A173}.Release|Any CPU.ActiveCfg = Release|Any CPU
		{3EA24A5F-DFC7-4CDB-B352-FA485A16A173}.Release|Any CPU.Build.0 = Release|Any CPU
		{3EA24A5F-DFC7-4CDB-B352-FA485A16A173}.Release|x64.ActiveCfg = Release|Any CPU
		{3EA24A5F-DFC7-4CDB-B352-FA485A16A173}.Release|x64.Build.0 = Release|Any CPU
	EndGlobalSection
	GlobalSection(SolutionProperties) = preSolution
		HideSolutionNode = FALSE
	EndGlobalSection
	GlobalSection(NestedProjects) = preSolution
		{36BBA44F-9A2F-413B-971D-C347BAF87B2A} = {79DE0448-1BF2-48D2-8A33-243E402CFD27}
		{1A9BCE53-79D0-4761-B3A2-6967B610FA94} = {79DE0448-1BF2-48D2-8A33-243E402CFD27}
		{EF84F485-549D-49BC-BA35-73565E289954} = {CD412C3D-63D0-4726-B4C3-FEF701E4DCAF}
		{1100B18D-2B77-45F5-8CC5-DCE1C126AE1C} = {79DE0448-1BF2-48D2-8A33-243E402CFD27}
		{B7CA43B2-BB7F-46B1-9516-7CAFBC89816C} = {1100B18D-2B77-45F5-8CC5-DCE1C126AE1C}
		{0E809C1E-CBF5-42E4-8624-2E244A52E422} = {79DE0448-1BF2-48D2-8A33-243E402CFD27}
		{99012513-4E98-4AE3-BE7B-6D87E66027C4} = {9BBB4102-C443-4000-9B12-31A3999A3529}
		{51E8AA0D-7994-4381-89E8-FAF5476AAAD1} = {99012513-4E98-4AE3-BE7B-6D87E66027C4}
		{819F5C3A-CEA6-4E2F-9C46-F02400D71C03} = {99012513-4E98-4AE3-BE7B-6D87E66027C4}
		{C7BB45B1-4D77-4670-9D96-710BD7816E0C} = {99012513-4E98-4AE3-BE7B-6D87E66027C4}
		{389F4DCF-2E1A-4B98-ABFB-6B1C4BE5270D} = {EF84F485-549D-49BC-BA35-73565E289954}
		{0B81C6C7-DB6F-4AA5-9542-3AAAF7E44C8F} = {CD412C3D-63D0-4726-B4C3-FEF701E4DCAF}
		{707FF74D-C1AF-44CC-ACB0-533B11684710} = {0B81C6C7-DB6F-4AA5-9542-3AAAF7E44C8F}
		{2D548C40-6260-4A4E-9C56-E8A80C639E13} = {CD412C3D-63D0-4726-B4C3-FEF701E4DCAF}
		{756699C0-8D4F-4FA3-A6B9-CD4C73121578} = {ED1CD14A-5622-412E-AE86-3F5DBBC48497}
		{94C05011-C128-4A6F-9DC1-995D8E9C83F6} = {756699C0-8D4F-4FA3-A6B9-CD4C73121578}
		{316A4A72-4E70-4A49-B923-A3D76357DCBC} = {756699C0-8D4F-4FA3-A6B9-CD4C73121578}
		{C5CC2D24-36BA-45D9-8660-72DA539F722A} = {ED1CD14A-5622-412E-AE86-3F5DBBC48497}
		{413634D0-0359-4BA2-AFCE-714BDE1C7BE7} = {CD412C3D-63D0-4726-B4C3-FEF701E4DCAF}
		{1238367E-D2F9-4C07-8A3C-A942842602D0} = {51E8AA0D-7994-4381-89E8-FAF5476AAAD1}
		{98F99284-77BA-4A49-A224-34B07683D70D} = {C5CC2D24-36BA-45D9-8660-72DA539F722A}
		{2B6A7911-50AF-48DD-A8B3-B1E27C983681} = {C5CC2D24-36BA-45D9-8660-72DA539F722A}
		{30F9056A-8FE3-4971-94A7-1113225E951B} = {1A9BCE53-79D0-4761-B3A2-6967B610FA94}
		{15EC4DEA-8FB6-4394-8E6F-EEF96A8F0FF2} = {1A9BCE53-79D0-4761-B3A2-6967B610FA94}
		{CAF59DC7-ED7B-4FA5-9031-4590282ACA0F} = {36BBA44F-9A2F-413B-971D-C347BAF87B2A}
		{235087F2-A0EA-431A-9A15-B121F181D071} = {0E809C1E-CBF5-42E4-8624-2E244A52E422}
		{0AFE4810-2178-461D-BF84-4C562A2137FA} = {2D548C40-6260-4A4E-9C56-E8A80C639E13}
		{AAD215E4-631C-4ABA-83C7-5324BEF3FC96} = {C5CC2D24-36BA-45D9-8660-72DA539F722A}
		{36824958-A479-4CA5-B180-CB4F230FBE2B} = {413634D0-0359-4BA2-AFCE-714BDE1C7BE7}
		{ABCBE6CA-EB57-4A0C-84C0-7FEB500F3D09} = {36824958-A479-4CA5-B180-CB4F230FBE2B}
		{4206D5A0-FC80-4468-8181-0273C5EF19D5} = {73FE6816-7410-4B83-9F24-2F4666D4966A}
		{73FE6816-7410-4B83-9F24-2F4666D4966A} = {99012513-4E98-4AE3-BE7B-6D87E66027C4}
		{E69A2504-235C-4403-AC66-01F312D8F1D7} = {819F5C3A-CEA6-4E2F-9C46-F02400D71C03}
		{7EC5AA20-B4B5-485E-900C-AAE1E372A17B} = {819F5C3A-CEA6-4E2F-9C46-F02400D71C03}
		{405A08BF-360C-4344-B015-3B9AB5B50044} = {99012513-4E98-4AE3-BE7B-6D87E66027C4}
		{C303206B-FEBB-412D-9CC4-9E503E26ECB3} = {405A08BF-360C-4344-B015-3B9AB5B50044}
		{3EA24A5F-DFC7-4CDB-B352-FA485A16A173} = {405A08BF-360C-4344-B015-3B9AB5B50044}
	EndGlobalSection
	GlobalSection(ExtensibilityGlobals) = postSolution
		SolutionGuid = {1285A466-2AF6-43E6-8DCC-2F93A5D5F02E}
	EndGlobalSection
EndGlobal
