
Microsoft Visual Studio Solution File, Format Version 12.00
# Visual Studio Version 17
VisualStudioVersion = 17.0.31912.275
MinimumVisualStudioVersion = 10.0.40219.1
Project("{2150E333-8FDC-42A3-9474-1A3956D46DE8}") = "Sources", "Sources", "{79DE0448-1BF2-48D2-8A33-243E402CFD27}"
EndProject
Project("{2150E333-8FDC-42A3-9474-1A3956D46DE8}") = "Compute", "Compute", "{36BBA44F-9A2F-413B-971D-C347BAF87B2A}"
EndProject
Project("{2150E333-8FDC-42A3-9474-1A3956D46DE8}") = "Tests", "Tests", "{CD412C3D-63D0-4726-B4C3-FEF701E4DCAF}"
EndProject
Project("{2150E333-8FDC-42A3-9474-1A3956D46DE8}") = "Adapters", "Adapters", "{1A9BCE53-79D0-4761-B3A2-6967B610FA94}"
EndProject
Project("{9A19103F-16F7-4668-BE54-9A1E7A4F7556}") = "ArmoniK.Core.Common", "Common\src\ArmoniK.Core.Common.csproj", "{B7CA43B2-BB7F-46B1-9516-7CAFBC89816C}"
EndProject
Project("{2150E333-8FDC-42A3-9474-1A3956D46DE8}") = "Control", "Control", "{0E809C1E-CBF5-42E4-8624-2E244A52E422}"
EndProject
Project("{9A19103F-16F7-4668-BE54-9A1E7A4F7556}") = "ArmoniK.Core.Common.Tests", "Common\tests\ArmoniK.Core.Common.Tests.csproj", "{707FF74D-C1AF-44CC-ACB0-533B11684710}"
EndProject
Project("{2150E333-8FDC-42A3-9474-1A3956D46DE8}") = "Adapters", "Adapters", "{2D548C40-6260-4A4E-9C56-E8A80C639E13}"
EndProject
Project("{9A19103F-16F7-4668-BE54-9A1E7A4F7556}") = "ArmoniK.Core.Adapters.Amqp", "Adaptors\Amqp\src\ArmoniK.Core.Adapters.Amqp.csproj", "{30F9056A-8FE3-4971-94A7-1113225E951B}"
EndProject
Project("{9A19103F-16F7-4668-BE54-9A1E7A4F7556}") = "ArmoniK.Core.Adapters.MongoDB", "Adaptors\MongoDB\src\ArmoniK.Core.Adapters.MongoDB.csproj", "{15EC4DEA-8FB6-4394-8E6F-EEF96A8F0FF2}"
EndProject
Project("{9A19103F-16F7-4668-BE54-9A1E7A4F7556}") = "ArmoniK.Core.Compute.PollingAgent", "Compute\PollingAgent\src\ArmoniK.Core.Compute.PollingAgent.csproj", "{CAF59DC7-ED7B-4FA5-9031-4590282ACA0F}"
EndProject
Project("{9A19103F-16F7-4668-BE54-9A1E7A4F7556}") = "ArmoniK.Core.Control.Submitter", "Control\Submitter\src\ArmoniK.Core.Control.Submitter.csproj", "{235087F2-A0EA-431A-9A15-B121F181D071}"
EndProject
Project("{9A19103F-16F7-4668-BE54-9A1E7A4F7556}") = "ArmoniK.Core.Adapters.MongoDB.Tests", "Adaptors\MongoDB\tests\ArmoniK.Core.Adapters.MongoDB.Tests.csproj", "{0AFE4810-2178-461D-BF84-4C562A2137FA}"
EndProject
Project("{2150E333-8FDC-42A3-9474-1A3956D46DE8}") = "Control", "Control", "{CD6402F1-DDA4-45D8-BB03-B2C9C46A49C8}"
EndProject
Project("{9A19103F-16F7-4668-BE54-9A1E7A4F7556}") = "ArmoniK.Core.Control.Submitter.Tests", "Control\Submitter\tests\ArmoniK.Core.Control.Submitter.Tests.csproj", "{B245D778-779E-4B78-9672-0BB21AF7D1D9}"
EndProject
Project("{9A19103F-16F7-4668-BE54-9A1E7A4F7556}") = "ArmoniK.Core.Adapters.Memory", "Adaptors\Memory\src\ArmoniK.Core.Adapters.Memory.csproj", "{AF7ECF9B-1295-469A-8C17-303BAA5CA621}"
EndProject
Project("{9A19103F-16F7-4668-BE54-9A1E7A4F7556}") = "ArmoniK.Core.Adapters.Memory.Tests", "Adaptors\Memory\tests\ArmoniK.Core.Adapters.Memory.Tests.csproj", "{9FE051D8-C6FA-42F2-96F1-18471FD27785}"
EndProject
Project("{9A19103F-16F7-4668-BE54-9A1E7A4F7556}") = "ArmoniK.Core.Adapters.Redis", "Adaptors\Redis\src\ArmoniK.Core.Adapters.Redis.csproj", "{36F24B13-BFE4-4CCE-B989-357A6991D0AA}"
EndProject
Project("{9A19103F-16F7-4668-BE54-9A1E7A4F7556}") = "ArmoniK.Core.Control.Metrics", "Control\Metrics\src\ArmoniK.Core.Control.Metrics.csproj", "{28E3B2AE-5F75-4AD8-8499-6AE8A36C3194}"
EndProject
Project("{2150E333-8FDC-42A3-9474-1A3956D46DE8}") = "Stream", "Stream", "{87729FA0-A618-4C5A-A4F2-520AE7484A35}"
EndProject
Project("{9A19103F-16F7-4668-BE54-9A1E7A4F7556}") = "ArmoniK.Extensions.Common.StreamWrapper.Tests.Client", "Tests\Stream\Client\ArmoniK.Extensions.Common.StreamWrapper.Tests.Client.csproj", "{4B27F8C7-E33F-4B4A-8533-373C8F3C2E7D}"
EndProject
Project("{9A19103F-16F7-4668-BE54-9A1E7A4F7556}") = "ArmoniK.Extensions.Common.StreamWrapper.Tests.Common", "Tests\Stream\Common\ArmoniK.Extensions.Common.StreamWrapper.Tests.Common.csproj", "{F012AE0C-4646-4CB9-9CA3-3738F490B80B}"
EndProject
Project("{9A19103F-16F7-4668-BE54-9A1E7A4F7556}") = "ArmoniK.Extensions.Common.StreamWrapper.Tests.Server", "Tests\Stream\Server\ArmoniK.Extensions.Common.StreamWrapper.Tests.Server.csproj", "{280F010F-BB7D-4FE3-96E9-85F90500016D}"
EndProject
Project("{2150E333-8FDC-42A3-9474-1A3956D46DE8}") = "HtcMock", "HtcMock", "{9F345B96-D998-4695-8F38-F0C72203CCE2}"
EndProject
Project("{9A19103F-16F7-4668-BE54-9A1E7A4F7556}") = "ArmoniK.Samples.HtcMock.Client", "Tests\HtcMock\Client\src\ArmoniK.Samples.HtcMock.Client.csproj", "{99E8013C-B1D8-4390-BD13-48035A5DD6A6}"
EndProject
Project("{9A19103F-16F7-4668-BE54-9A1E7A4F7556}") = "ArmoniK.Samples.HtcMock.Server", "Tests\HtcMock\Server\src\ArmoniK.Samples.HtcMock.Server.csproj", "{585E6EDD-35B7-4415-9068-E34D252D0922}"
EndProject
Project("{9A19103F-16F7-4668-BE54-9A1E7A4F7556}") = "ArmoniK.Core.Adapters.Redis.Tests", "Adaptors\Redis\tests\ArmoniK.Core.Adapters.Redis.Tests.csproj", "{2E33C5F9-139D-44E9-B142-52F21CE7F122}"
EndProject
Project("{9A19103F-16F7-4668-BE54-9A1E7A4F7556}") = "ArmoniK.Core.ProfilingTools", "ProfilingTools\src\ArmoniK.Core.ProfilingTools.csproj", "{5C115C74-F75B-4471-A1E3-46ED9E03D5E4}"
EndProject
Project("{2150E333-8FDC-42A3-9474-1A3956D46DE8}") = "Bench", "Bench", "{FC59D706-F16E-4A99-A3A9-59A3DE1C4069}"
EndProject
Project("{9A19103F-16F7-4668-BE54-9A1E7A4F7556}") = "ArmoniK.Samples.Bench.Client", "Tests\Bench\Client\src\ArmoniK.Samples.Bench.Client.csproj", "{DE31B46F-495E-47B1-A136-6574DBB81B92}"
EndProject
Project("{9A19103F-16F7-4668-BE54-9A1E7A4F7556}") = "ArmoniK.Samples.Bench.Server", "Tests\Bench\Server\src\ArmoniK.Samples.Bench.Server.csproj", "{2ED5C3A5-779C-4D17-855B-81838AC105E6}"
EndProject
Project("{9A19103F-16F7-4668-BE54-9A1E7A4F7556}") = "ArmoniK.Core.Adapters.LocalStorage", "Adaptors\LocalStorage\src\ArmoniK.Core.Adapters.LocalStorage.csproj", "{3BDD2ABF-98D7-4413-9D55-4361F020993B}"
EndProject
Project("{9A19103F-16F7-4668-BE54-9A1E7A4F7556}") = "ArmoniK.Core.Adapters.LocalStorage.Tests", "Adaptors\LocalStorage\tests\ArmoniK.Core.Adapters.LocalStorage.Tests.csproj", "{19BEC0E4-8943-4AB8-8383-F7C11CFC3DB9}"
EndProject
Project("{9A19103F-16F7-4668-BE54-9A1E7A4F7556}") = "ArmoniK.Core.Adapters.S3", "Adaptors\S3\src\ArmoniK.Core.Adapters.S3.csproj", "{4979ADF2-4574-4FF5-BDF4-B5EC0EFAC803}"
EndProject
Project("{9A19103F-16F7-4668-BE54-9A1E7A4F7556}") = "ArmoniK.Core.Adapters.S3.Tests", "Adaptors\S3\tests\ArmoniK.Core.Adapters.S3.Tests.csproj", "{35AC9746-51AC-4EB5-A6B9-AFC169868ABF}"
EndProject
Project("{9A19103F-16F7-4668-BE54-9A1E7A4F7556}") = "ArmoniK.Core.Common.Client", "Tests\Common\Client\src\ArmoniK.Core.Common.Client.csproj", "{289EAA4A-15E5-4D8B-87B2-0CFFD9510207}"
EndProject
Project("{9A19103F-16F7-4668-BE54-9A1E7A4F7556}") = "ArmoniK.Core.Base", "Base\src\ArmoniK.Core.Base.csproj", "{150576C8-A80E-4FB1-9878-37D95A11FAF9}"
EndProject
Project("{9A19103F-16F7-4668-BE54-9A1E7A4F7556}") = "ArmoniK.Core.Adapters.QueueCommon", "Adaptors\QueueCommon\src\ArmoniK.Core.Adapters.QueueCommon.csproj", "{EF5DDE84-CB4B-48E0-A21B-455849835E66}"
EndProject
Project("{9A19103F-16F7-4668-BE54-9A1E7A4F7556}") = "ArmoniK.Core.Utils", "Utils\src\ArmoniK.Core.Utils.csproj", "{7B455427-859F-4DDA-B67B-510FE450CB35}"
EndProject
Project("{9A19103F-16F7-4668-BE54-9A1E7A4F7556}") = "ArmoniK.Core.Adapters.PubSub", "Adaptors\PubSub\src\ArmoniK.Core.Adapters.PubSub.csproj", "{761BD231-ACB3-47EB-ABCB-9F78F0ECCBBA}"
EndProject
Project("{2150E333-8FDC-42A3-9474-1A3956D46DE8}") = "CrashingWorker", "CrashingWorker", "{6EE499A5-760F-4823-8AB6-DBDE8C5B5F45}"
EndProject
Project("{9A19103F-16F7-4668-BE54-9A1E7A4F7556}") = "ArmoniK.Samples.CrashingWorker.Client", "Tests\CrashingWorker\Client\src\ArmoniK.Samples.CrashingWorker.Client.csproj", "{ACFE1254-E0F4-42DF-ACAA-18E121173C27}"
EndProject
Project("{9A19103F-16F7-4668-BE54-9A1E7A4F7556}") = "ArmoniK.Samples.CrashingWorker.Server", "Tests\CrashingWorker\Server\src\ArmoniK.Samples.CrashingWorker.Server.csproj", "{9F19E6DD-D9CD-43EC-B5CC-0081997ED8B8}"
EndProject
Project("{9A19103F-16F7-4668-BE54-9A1E7A4F7556}") = "ArmoniK.Core.Tests.Connectivity", "Tests\Connectivity\src\ArmoniK.Core.Tests.Connectivity.csproj", "{6ABF29BB-2F42-4088-AE93-E41416CB3271}"
EndProject
Project("{9A19103F-16F7-4668-BE54-9A1E7A4F7556}") = "ArmoniK.Core.Adapters.SQS", "Adaptors\SQS\src\ArmoniK.Core.Adapters.SQS.csproj", "{399C779C-CE8D-4757-8098-7F055467D96C}"
EndProject
Project("{9A19103F-16F7-4668-BE54-9A1E7A4F7556}") = "ArmoniK.Core.Adapters.Embed", "Adaptors\Embed\src\ArmoniK.Core.Adapters.Embed.csproj", "{F95A1BF7-B660-4789-9F2D-1749FC104EEE}"
EndProject
Project("{9A19103F-16F7-4668-BE54-9A1E7A4F7556}") = "ArmoniK.Core.Adapters.Embed.Tests", "Adaptors\Embed\tests\ArmoniK.Core.Adapters.Embed.Tests.csproj", "{2DC798DD-F147-4245-BD63-E0E6E5BB5E9E}"
EndProject
Project("{2150E333-8FDC-42A3-9474-1A3956D46DE8}") = "Base", "Base", "{44FE7EFD-2EAA-49BA-9621-D9EFCB39D50B}"
EndProject
Project("{2150E333-8FDC-42A3-9474-1A3956D46DE8}") = "tests", "tests", "{B52DF352-C460-4707-851A-22436174CBAA}"
EndProject
Project("{9A19103F-16F7-4668-BE54-9A1E7A4F7556}") = "Queue", "Base\tests\Queue\Queue.csproj", "{214D88B7-D35B-4129-A8F0-54B16AF2D67E}"
EndProject
Project("{9A19103F-16F7-4668-BE54-9A1E7A4F7556}") = "ArmoniK.Core.Adapters.Nats", "Adaptors\Nats\src\ArmoniK.Core.Adapters.Nats.csproj", "{790E147B-C2A8-4F60-B8C9-8C9087EB8F93}"
EndProject
Project("{FAE04EC0-301F-11D3-BF4B-00C04F79EFBC}") = "ArmoniK.Core.Adapters.NullStorage", "Adaptors\NullStorage\src\ArmoniK.Core.Adapters.NullStorage.csproj", "{6E6930F7-F03F-408D-80D7-F83BB5AA0D12}"
EndProject
Project("{FAE04EC0-301F-11D3-BF4B-00C04F79EFBC}") = "ArmoniK.Core.Tests.UploadBench", "Tests\UploadBench\ArmoniK.Core.Tests.UploadBench.csproj", "{AAA5C5DD-349B-47F0-9A17-08BBC3040305}"
EndProject
Project("{FAE04EC0-301F-11D3-BF4B-00C04F79EFBC}") = "ArmoniK.Core.Adapters.Couchbase", "Adaptors\Couchbase\src\ArmoniK.Core.Adapters.Couchbase.csproj", "{8243569F-8637-4CDE-ADAD-210EB5DCD127}"
EndProject
Project("{FAE04EC0-301F-11D3-BF4B-00C04F79EFBC}") = "ArmoniK.Core.Adapters.Couchbase.Tests", "Adaptors\Couchbase\tests\ArmoniK.Core.Adapters.Couchbase.Tests.csproj", "{0DA5A861-92E1-4F98-92A4-9C9809EF33CB}"
EndProject
Global
	GlobalSection(SolutionConfigurationPlatforms) = preSolution
		Debug|Any CPU = Debug|Any CPU
		Debug|x64 = Debug|x64
		Release|Any CPU = Release|Any CPU
		Release|x64 = Release|x64
	EndGlobalSection
	GlobalSection(ProjectConfigurationPlatforms) = postSolution
		{B7CA43B2-BB7F-46B1-9516-7CAFBC89816C}.Debug|Any CPU.ActiveCfg = Debug|Any CPU
		{B7CA43B2-BB7F-46B1-9516-7CAFBC89816C}.Debug|Any CPU.Build.0 = Debug|Any CPU
		{B7CA43B2-BB7F-46B1-9516-7CAFBC89816C}.Debug|x64.ActiveCfg = Debug|Any CPU
		{B7CA43B2-BB7F-46B1-9516-7CAFBC89816C}.Debug|x64.Build.0 = Debug|Any CPU
		{B7CA43B2-BB7F-46B1-9516-7CAFBC89816C}.Release|Any CPU.ActiveCfg = Release|Any CPU
		{B7CA43B2-BB7F-46B1-9516-7CAFBC89816C}.Release|Any CPU.Build.0 = Release|Any CPU
		{B7CA43B2-BB7F-46B1-9516-7CAFBC89816C}.Release|x64.ActiveCfg = Release|Any CPU
		{B7CA43B2-BB7F-46B1-9516-7CAFBC89816C}.Release|x64.Build.0 = Release|Any CPU
		{707FF74D-C1AF-44CC-ACB0-533B11684710}.Debug|Any CPU.ActiveCfg = Debug|Any CPU
		{707FF74D-C1AF-44CC-ACB0-533B11684710}.Debug|Any CPU.Build.0 = Debug|Any CPU
		{707FF74D-C1AF-44CC-ACB0-533B11684710}.Debug|x64.ActiveCfg = Debug|Any CPU
		{707FF74D-C1AF-44CC-ACB0-533B11684710}.Debug|x64.Build.0 = Debug|Any CPU
		{707FF74D-C1AF-44CC-ACB0-533B11684710}.Release|Any CPU.ActiveCfg = Release|Any CPU
		{707FF74D-C1AF-44CC-ACB0-533B11684710}.Release|Any CPU.Build.0 = Release|Any CPU
		{707FF74D-C1AF-44CC-ACB0-533B11684710}.Release|x64.ActiveCfg = Release|Any CPU
		{707FF74D-C1AF-44CC-ACB0-533B11684710}.Release|x64.Build.0 = Release|Any CPU
		{30F9056A-8FE3-4971-94A7-1113225E951B}.Debug|Any CPU.ActiveCfg = Debug|Any CPU
		{30F9056A-8FE3-4971-94A7-1113225E951B}.Debug|Any CPU.Build.0 = Debug|Any CPU
		{30F9056A-8FE3-4971-94A7-1113225E951B}.Debug|x64.ActiveCfg = Debug|Any CPU
		{30F9056A-8FE3-4971-94A7-1113225E951B}.Debug|x64.Build.0 = Debug|Any CPU
		{30F9056A-8FE3-4971-94A7-1113225E951B}.Release|Any CPU.ActiveCfg = Release|Any CPU
		{30F9056A-8FE3-4971-94A7-1113225E951B}.Release|Any CPU.Build.0 = Release|Any CPU
		{30F9056A-8FE3-4971-94A7-1113225E951B}.Release|x64.ActiveCfg = Release|Any CPU
		{30F9056A-8FE3-4971-94A7-1113225E951B}.Release|x64.Build.0 = Release|Any CPU
		{15EC4DEA-8FB6-4394-8E6F-EEF96A8F0FF2}.Debug|Any CPU.ActiveCfg = Debug|Any CPU
		{15EC4DEA-8FB6-4394-8E6F-EEF96A8F0FF2}.Debug|Any CPU.Build.0 = Debug|Any CPU
		{15EC4DEA-8FB6-4394-8E6F-EEF96A8F0FF2}.Debug|x64.ActiveCfg = Debug|Any CPU
		{15EC4DEA-8FB6-4394-8E6F-EEF96A8F0FF2}.Debug|x64.Build.0 = Debug|Any CPU
		{15EC4DEA-8FB6-4394-8E6F-EEF96A8F0FF2}.Release|Any CPU.ActiveCfg = Release|Any CPU
		{15EC4DEA-8FB6-4394-8E6F-EEF96A8F0FF2}.Release|Any CPU.Build.0 = Release|Any CPU
		{15EC4DEA-8FB6-4394-8E6F-EEF96A8F0FF2}.Release|x64.ActiveCfg = Release|Any CPU
		{15EC4DEA-8FB6-4394-8E6F-EEF96A8F0FF2}.Release|x64.Build.0 = Release|Any CPU
		{CAF59DC7-ED7B-4FA5-9031-4590282ACA0F}.Debug|Any CPU.ActiveCfg = Debug|Any CPU
		{CAF59DC7-ED7B-4FA5-9031-4590282ACA0F}.Debug|Any CPU.Build.0 = Debug|Any CPU
		{CAF59DC7-ED7B-4FA5-9031-4590282ACA0F}.Debug|x64.ActiveCfg = Debug|Any CPU
		{CAF59DC7-ED7B-4FA5-9031-4590282ACA0F}.Debug|x64.Build.0 = Debug|Any CPU
		{CAF59DC7-ED7B-4FA5-9031-4590282ACA0F}.Release|Any CPU.ActiveCfg = Release|Any CPU
		{CAF59DC7-ED7B-4FA5-9031-4590282ACA0F}.Release|Any CPU.Build.0 = Release|Any CPU
		{CAF59DC7-ED7B-4FA5-9031-4590282ACA0F}.Release|x64.ActiveCfg = Release|Any CPU
		{CAF59DC7-ED7B-4FA5-9031-4590282ACA0F}.Release|x64.Build.0 = Release|Any CPU
		{235087F2-A0EA-431A-9A15-B121F181D071}.Debug|Any CPU.ActiveCfg = Debug|Any CPU
		{235087F2-A0EA-431A-9A15-B121F181D071}.Debug|Any CPU.Build.0 = Debug|Any CPU
		{235087F2-A0EA-431A-9A15-B121F181D071}.Debug|x64.ActiveCfg = Debug|Any CPU
		{235087F2-A0EA-431A-9A15-B121F181D071}.Debug|x64.Build.0 = Debug|Any CPU
		{235087F2-A0EA-431A-9A15-B121F181D071}.Release|Any CPU.ActiveCfg = Release|Any CPU
		{235087F2-A0EA-431A-9A15-B121F181D071}.Release|Any CPU.Build.0 = Release|Any CPU
		{235087F2-A0EA-431A-9A15-B121F181D071}.Release|x64.ActiveCfg = Release|Any CPU
		{235087F2-A0EA-431A-9A15-B121F181D071}.Release|x64.Build.0 = Release|Any CPU
		{0AFE4810-2178-461D-BF84-4C562A2137FA}.Debug|Any CPU.ActiveCfg = Debug|Any CPU
		{0AFE4810-2178-461D-BF84-4C562A2137FA}.Debug|Any CPU.Build.0 = Debug|Any CPU
		{0AFE4810-2178-461D-BF84-4C562A2137FA}.Debug|x64.ActiveCfg = Debug|Any CPU
		{0AFE4810-2178-461D-BF84-4C562A2137FA}.Debug|x64.Build.0 = Debug|Any CPU
		{0AFE4810-2178-461D-BF84-4C562A2137FA}.Release|Any CPU.ActiveCfg = Release|Any CPU
		{0AFE4810-2178-461D-BF84-4C562A2137FA}.Release|Any CPU.Build.0 = Release|Any CPU
		{0AFE4810-2178-461D-BF84-4C562A2137FA}.Release|x64.ActiveCfg = Release|Any CPU
		{0AFE4810-2178-461D-BF84-4C562A2137FA}.Release|x64.Build.0 = Release|Any CPU
		{B245D778-779E-4B78-9672-0BB21AF7D1D9}.Debug|Any CPU.ActiveCfg = Debug|Any CPU
		{B245D778-779E-4B78-9672-0BB21AF7D1D9}.Debug|Any CPU.Build.0 = Debug|Any CPU
		{B245D778-779E-4B78-9672-0BB21AF7D1D9}.Debug|x64.ActiveCfg = Debug|Any CPU
		{B245D778-779E-4B78-9672-0BB21AF7D1D9}.Debug|x64.Build.0 = Debug|Any CPU
		{B245D778-779E-4B78-9672-0BB21AF7D1D9}.Release|Any CPU.ActiveCfg = Release|Any CPU
		{B245D778-779E-4B78-9672-0BB21AF7D1D9}.Release|Any CPU.Build.0 = Release|Any CPU
		{B245D778-779E-4B78-9672-0BB21AF7D1D9}.Release|x64.ActiveCfg = Release|Any CPU
		{B245D778-779E-4B78-9672-0BB21AF7D1D9}.Release|x64.Build.0 = Release|Any CPU
		{AF7ECF9B-1295-469A-8C17-303BAA5CA621}.Debug|Any CPU.ActiveCfg = Debug|Any CPU
		{AF7ECF9B-1295-469A-8C17-303BAA5CA621}.Debug|Any CPU.Build.0 = Debug|Any CPU
		{AF7ECF9B-1295-469A-8C17-303BAA5CA621}.Debug|x64.ActiveCfg = Debug|Any CPU
		{AF7ECF9B-1295-469A-8C17-303BAA5CA621}.Debug|x64.Build.0 = Debug|Any CPU
		{AF7ECF9B-1295-469A-8C17-303BAA5CA621}.Release|Any CPU.ActiveCfg = Release|Any CPU
		{AF7ECF9B-1295-469A-8C17-303BAA5CA621}.Release|Any CPU.Build.0 = Release|Any CPU
		{AF7ECF9B-1295-469A-8C17-303BAA5CA621}.Release|x64.ActiveCfg = Release|Any CPU
		{AF7ECF9B-1295-469A-8C17-303BAA5CA621}.Release|x64.Build.0 = Release|Any CPU
		{9FE051D8-C6FA-42F2-96F1-18471FD27785}.Debug|Any CPU.ActiveCfg = Debug|Any CPU
		{9FE051D8-C6FA-42F2-96F1-18471FD27785}.Debug|Any CPU.Build.0 = Debug|Any CPU
		{9FE051D8-C6FA-42F2-96F1-18471FD27785}.Debug|x64.ActiveCfg = Debug|Any CPU
		{9FE051D8-C6FA-42F2-96F1-18471FD27785}.Debug|x64.Build.0 = Debug|Any CPU
		{9FE051D8-C6FA-42F2-96F1-18471FD27785}.Release|Any CPU.ActiveCfg = Release|Any CPU
		{9FE051D8-C6FA-42F2-96F1-18471FD27785}.Release|Any CPU.Build.0 = Release|Any CPU
		{9FE051D8-C6FA-42F2-96F1-18471FD27785}.Release|x64.ActiveCfg = Release|Any CPU
		{9FE051D8-C6FA-42F2-96F1-18471FD27785}.Release|x64.Build.0 = Release|Any CPU
		{36F24B13-BFE4-4CCE-B989-357A6991D0AA}.Debug|Any CPU.ActiveCfg = Debug|Any CPU
		{36F24B13-BFE4-4CCE-B989-357A6991D0AA}.Debug|Any CPU.Build.0 = Debug|Any CPU
		{36F24B13-BFE4-4CCE-B989-357A6991D0AA}.Debug|x64.ActiveCfg = Debug|Any CPU
		{36F24B13-BFE4-4CCE-B989-357A6991D0AA}.Debug|x64.Build.0 = Debug|Any CPU
		{36F24B13-BFE4-4CCE-B989-357A6991D0AA}.Release|Any CPU.ActiveCfg = Release|Any CPU
		{36F24B13-BFE4-4CCE-B989-357A6991D0AA}.Release|Any CPU.Build.0 = Release|Any CPU
		{36F24B13-BFE4-4CCE-B989-357A6991D0AA}.Release|x64.ActiveCfg = Release|Any CPU
		{36F24B13-BFE4-4CCE-B989-357A6991D0AA}.Release|x64.Build.0 = Release|Any CPU
		{28E3B2AE-5F75-4AD8-8499-6AE8A36C3194}.Debug|Any CPU.ActiveCfg = Debug|Any CPU
		{28E3B2AE-5F75-4AD8-8499-6AE8A36C3194}.Debug|Any CPU.Build.0 = Debug|Any CPU
		{28E3B2AE-5F75-4AD8-8499-6AE8A36C3194}.Debug|x64.ActiveCfg = Debug|Any CPU
		{28E3B2AE-5F75-4AD8-8499-6AE8A36C3194}.Debug|x64.Build.0 = Debug|Any CPU
		{28E3B2AE-5F75-4AD8-8499-6AE8A36C3194}.Release|Any CPU.ActiveCfg = Release|Any CPU
		{28E3B2AE-5F75-4AD8-8499-6AE8A36C3194}.Release|Any CPU.Build.0 = Release|Any CPU
		{28E3B2AE-5F75-4AD8-8499-6AE8A36C3194}.Release|x64.ActiveCfg = Release|Any CPU
		{28E3B2AE-5F75-4AD8-8499-6AE8A36C3194}.Release|x64.Build.0 = Release|Any CPU
		{4B27F8C7-E33F-4B4A-8533-373C8F3C2E7D}.Debug|Any CPU.ActiveCfg = Debug|Any CPU
		{4B27F8C7-E33F-4B4A-8533-373C8F3C2E7D}.Debug|Any CPU.Build.0 = Debug|Any CPU
		{4B27F8C7-E33F-4B4A-8533-373C8F3C2E7D}.Debug|x64.ActiveCfg = Debug|Any CPU
		{4B27F8C7-E33F-4B4A-8533-373C8F3C2E7D}.Debug|x64.Build.0 = Debug|Any CPU
		{4B27F8C7-E33F-4B4A-8533-373C8F3C2E7D}.Release|Any CPU.ActiveCfg = Release|Any CPU
		{4B27F8C7-E33F-4B4A-8533-373C8F3C2E7D}.Release|Any CPU.Build.0 = Release|Any CPU
		{4B27F8C7-E33F-4B4A-8533-373C8F3C2E7D}.Release|x64.ActiveCfg = Release|Any CPU
		{4B27F8C7-E33F-4B4A-8533-373C8F3C2E7D}.Release|x64.Build.0 = Release|Any CPU
		{F012AE0C-4646-4CB9-9CA3-3738F490B80B}.Debug|Any CPU.ActiveCfg = Debug|Any CPU
		{F012AE0C-4646-4CB9-9CA3-3738F490B80B}.Debug|Any CPU.Build.0 = Debug|Any CPU
		{F012AE0C-4646-4CB9-9CA3-3738F490B80B}.Debug|x64.ActiveCfg = Debug|Any CPU
		{F012AE0C-4646-4CB9-9CA3-3738F490B80B}.Debug|x64.Build.0 = Debug|Any CPU
		{F012AE0C-4646-4CB9-9CA3-3738F490B80B}.Release|Any CPU.ActiveCfg = Release|Any CPU
		{F012AE0C-4646-4CB9-9CA3-3738F490B80B}.Release|Any CPU.Build.0 = Release|Any CPU
		{F012AE0C-4646-4CB9-9CA3-3738F490B80B}.Release|x64.ActiveCfg = Release|Any CPU
		{F012AE0C-4646-4CB9-9CA3-3738F490B80B}.Release|x64.Build.0 = Release|Any CPU
		{280F010F-BB7D-4FE3-96E9-85F90500016D}.Debug|Any CPU.ActiveCfg = Debug|Any CPU
		{280F010F-BB7D-4FE3-96E9-85F90500016D}.Debug|Any CPU.Build.0 = Debug|Any CPU
		{280F010F-BB7D-4FE3-96E9-85F90500016D}.Debug|x64.ActiveCfg = Debug|Any CPU
		{280F010F-BB7D-4FE3-96E9-85F90500016D}.Debug|x64.Build.0 = Debug|Any CPU
		{280F010F-BB7D-4FE3-96E9-85F90500016D}.Release|Any CPU.ActiveCfg = Release|Any CPU
		{280F010F-BB7D-4FE3-96E9-85F90500016D}.Release|Any CPU.Build.0 = Release|Any CPU
		{280F010F-BB7D-4FE3-96E9-85F90500016D}.Release|x64.ActiveCfg = Release|Any CPU
		{280F010F-BB7D-4FE3-96E9-85F90500016D}.Release|x64.Build.0 = Release|Any CPU
		{99E8013C-B1D8-4390-BD13-48035A5DD6A6}.Debug|Any CPU.ActiveCfg = Debug|Any CPU
		{99E8013C-B1D8-4390-BD13-48035A5DD6A6}.Debug|Any CPU.Build.0 = Debug|Any CPU
		{99E8013C-B1D8-4390-BD13-48035A5DD6A6}.Debug|x64.ActiveCfg = Debug|Any CPU
		{99E8013C-B1D8-4390-BD13-48035A5DD6A6}.Debug|x64.Build.0 = Debug|Any CPU
		{99E8013C-B1D8-4390-BD13-48035A5DD6A6}.Release|Any CPU.ActiveCfg = Release|Any CPU
		{99E8013C-B1D8-4390-BD13-48035A5DD6A6}.Release|Any CPU.Build.0 = Release|Any CPU
		{99E8013C-B1D8-4390-BD13-48035A5DD6A6}.Release|x64.ActiveCfg = Release|Any CPU
		{99E8013C-B1D8-4390-BD13-48035A5DD6A6}.Release|x64.Build.0 = Release|Any CPU
		{585E6EDD-35B7-4415-9068-E34D252D0922}.Debug|Any CPU.ActiveCfg = Debug|Any CPU
		{585E6EDD-35B7-4415-9068-E34D252D0922}.Debug|Any CPU.Build.0 = Debug|Any CPU
		{585E6EDD-35B7-4415-9068-E34D252D0922}.Debug|x64.ActiveCfg = Debug|Any CPU
		{585E6EDD-35B7-4415-9068-E34D252D0922}.Debug|x64.Build.0 = Debug|Any CPU
		{585E6EDD-35B7-4415-9068-E34D252D0922}.Release|Any CPU.ActiveCfg = Release|Any CPU
		{585E6EDD-35B7-4415-9068-E34D252D0922}.Release|Any CPU.Build.0 = Release|Any CPU
		{585E6EDD-35B7-4415-9068-E34D252D0922}.Release|x64.ActiveCfg = Release|Any CPU
		{585E6EDD-35B7-4415-9068-E34D252D0922}.Release|x64.Build.0 = Release|Any CPU
		{2E33C5F9-139D-44E9-B142-52F21CE7F122}.Debug|Any CPU.ActiveCfg = Debug|Any CPU
		{2E33C5F9-139D-44E9-B142-52F21CE7F122}.Debug|Any CPU.Build.0 = Debug|Any CPU
		{2E33C5F9-139D-44E9-B142-52F21CE7F122}.Debug|x64.ActiveCfg = Debug|Any CPU
		{2E33C5F9-139D-44E9-B142-52F21CE7F122}.Debug|x64.Build.0 = Debug|Any CPU
		{2E33C5F9-139D-44E9-B142-52F21CE7F122}.Release|Any CPU.ActiveCfg = Release|Any CPU
		{2E33C5F9-139D-44E9-B142-52F21CE7F122}.Release|Any CPU.Build.0 = Release|Any CPU
		{2E33C5F9-139D-44E9-B142-52F21CE7F122}.Release|x64.ActiveCfg = Release|Any CPU
		{2E33C5F9-139D-44E9-B142-52F21CE7F122}.Release|x64.Build.0 = Release|Any CPU
		{5C115C74-F75B-4471-A1E3-46ED9E03D5E4}.Debug|Any CPU.ActiveCfg = Debug|Any CPU
		{5C115C74-F75B-4471-A1E3-46ED9E03D5E4}.Debug|Any CPU.Build.0 = Debug|Any CPU
		{5C115C74-F75B-4471-A1E3-46ED9E03D5E4}.Debug|x64.ActiveCfg = Debug|Any CPU
		{5C115C74-F75B-4471-A1E3-46ED9E03D5E4}.Debug|x64.Build.0 = Debug|Any CPU
		{5C115C74-F75B-4471-A1E3-46ED9E03D5E4}.Release|Any CPU.ActiveCfg = Release|Any CPU
		{5C115C74-F75B-4471-A1E3-46ED9E03D5E4}.Release|Any CPU.Build.0 = Release|Any CPU
		{5C115C74-F75B-4471-A1E3-46ED9E03D5E4}.Release|x64.ActiveCfg = Release|Any CPU
		{5C115C74-F75B-4471-A1E3-46ED9E03D5E4}.Release|x64.Build.0 = Release|Any CPU
		{DE31B46F-495E-47B1-A136-6574DBB81B92}.Debug|Any CPU.ActiveCfg = Debug|Any CPU
		{DE31B46F-495E-47B1-A136-6574DBB81B92}.Debug|Any CPU.Build.0 = Debug|Any CPU
		{DE31B46F-495E-47B1-A136-6574DBB81B92}.Debug|x64.ActiveCfg = Debug|Any CPU
		{DE31B46F-495E-47B1-A136-6574DBB81B92}.Debug|x64.Build.0 = Debug|Any CPU
		{DE31B46F-495E-47B1-A136-6574DBB81B92}.Release|Any CPU.ActiveCfg = Release|Any CPU
		{DE31B46F-495E-47B1-A136-6574DBB81B92}.Release|Any CPU.Build.0 = Release|Any CPU
		{DE31B46F-495E-47B1-A136-6574DBB81B92}.Release|x64.ActiveCfg = Release|Any CPU
		{DE31B46F-495E-47B1-A136-6574DBB81B92}.Release|x64.Build.0 = Release|Any CPU
		{2ED5C3A5-779C-4D17-855B-81838AC105E6}.Debug|Any CPU.ActiveCfg = Debug|Any CPU
		{2ED5C3A5-779C-4D17-855B-81838AC105E6}.Debug|Any CPU.Build.0 = Debug|Any CPU
		{2ED5C3A5-779C-4D17-855B-81838AC105E6}.Debug|x64.ActiveCfg = Debug|Any CPU
		{2ED5C3A5-779C-4D17-855B-81838AC105E6}.Debug|x64.Build.0 = Debug|Any CPU
		{2ED5C3A5-779C-4D17-855B-81838AC105E6}.Release|Any CPU.ActiveCfg = Release|Any CPU
		{2ED5C3A5-779C-4D17-855B-81838AC105E6}.Release|Any CPU.Build.0 = Release|Any CPU
		{2ED5C3A5-779C-4D17-855B-81838AC105E6}.Release|x64.ActiveCfg = Release|Any CPU
		{2ED5C3A5-779C-4D17-855B-81838AC105E6}.Release|x64.Build.0 = Release|Any CPU
		{3BDD2ABF-98D7-4413-9D55-4361F020993B}.Debug|Any CPU.ActiveCfg = Debug|Any CPU
		{3BDD2ABF-98D7-4413-9D55-4361F020993B}.Debug|Any CPU.Build.0 = Debug|Any CPU
		{3BDD2ABF-98D7-4413-9D55-4361F020993B}.Debug|x64.ActiveCfg = Debug|Any CPU
		{3BDD2ABF-98D7-4413-9D55-4361F020993B}.Debug|x64.Build.0 = Debug|Any CPU
		{3BDD2ABF-98D7-4413-9D55-4361F020993B}.Release|Any CPU.ActiveCfg = Release|Any CPU
		{3BDD2ABF-98D7-4413-9D55-4361F020993B}.Release|Any CPU.Build.0 = Release|Any CPU
		{3BDD2ABF-98D7-4413-9D55-4361F020993B}.Release|x64.ActiveCfg = Release|Any CPU
		{3BDD2ABF-98D7-4413-9D55-4361F020993B}.Release|x64.Build.0 = Release|Any CPU
		{19BEC0E4-8943-4AB8-8383-F7C11CFC3DB9}.Debug|Any CPU.ActiveCfg = Debug|Any CPU
		{19BEC0E4-8943-4AB8-8383-F7C11CFC3DB9}.Debug|Any CPU.Build.0 = Debug|Any CPU
		{19BEC0E4-8943-4AB8-8383-F7C11CFC3DB9}.Debug|x64.ActiveCfg = Debug|Any CPU
		{19BEC0E4-8943-4AB8-8383-F7C11CFC3DB9}.Debug|x64.Build.0 = Debug|Any CPU
		{19BEC0E4-8943-4AB8-8383-F7C11CFC3DB9}.Release|Any CPU.ActiveCfg = Release|Any CPU
		{19BEC0E4-8943-4AB8-8383-F7C11CFC3DB9}.Release|Any CPU.Build.0 = Release|Any CPU
		{19BEC0E4-8943-4AB8-8383-F7C11CFC3DB9}.Release|x64.ActiveCfg = Release|Any CPU
		{19BEC0E4-8943-4AB8-8383-F7C11CFC3DB9}.Release|x64.Build.0 = Release|Any CPU
		{4979ADF2-4574-4FF5-BDF4-B5EC0EFAC803}.Debug|Any CPU.ActiveCfg = Debug|Any CPU
		{4979ADF2-4574-4FF5-BDF4-B5EC0EFAC803}.Debug|Any CPU.Build.0 = Debug|Any CPU
		{4979ADF2-4574-4FF5-BDF4-B5EC0EFAC803}.Debug|x64.ActiveCfg = Debug|Any CPU
		{4979ADF2-4574-4FF5-BDF4-B5EC0EFAC803}.Debug|x64.Build.0 = Debug|Any CPU
		{4979ADF2-4574-4FF5-BDF4-B5EC0EFAC803}.Release|Any CPU.ActiveCfg = Release|Any CPU
		{4979ADF2-4574-4FF5-BDF4-B5EC0EFAC803}.Release|Any CPU.Build.0 = Release|Any CPU
		{4979ADF2-4574-4FF5-BDF4-B5EC0EFAC803}.Release|x64.ActiveCfg = Release|Any CPU
		{4979ADF2-4574-4FF5-BDF4-B5EC0EFAC803}.Release|x64.Build.0 = Release|Any CPU
		{35AC9746-51AC-4EB5-A6B9-AFC169868ABF}.Debug|Any CPU.ActiveCfg = Debug|Any CPU
		{35AC9746-51AC-4EB5-A6B9-AFC169868ABF}.Debug|Any CPU.Build.0 = Debug|Any CPU
		{35AC9746-51AC-4EB5-A6B9-AFC169868ABF}.Debug|x64.ActiveCfg = Debug|Any CPU
		{35AC9746-51AC-4EB5-A6B9-AFC169868ABF}.Debug|x64.Build.0 = Debug|Any CPU
		{35AC9746-51AC-4EB5-A6B9-AFC169868ABF}.Release|Any CPU.ActiveCfg = Release|Any CPU
		{35AC9746-51AC-4EB5-A6B9-AFC169868ABF}.Release|Any CPU.Build.0 = Release|Any CPU
		{35AC9746-51AC-4EB5-A6B9-AFC169868ABF}.Release|x64.ActiveCfg = Release|Any CPU
		{35AC9746-51AC-4EB5-A6B9-AFC169868ABF}.Release|x64.Build.0 = Release|Any CPU
		{289EAA4A-15E5-4D8B-87B2-0CFFD9510207}.Debug|Any CPU.ActiveCfg = Debug|Any CPU
		{289EAA4A-15E5-4D8B-87B2-0CFFD9510207}.Debug|Any CPU.Build.0 = Debug|Any CPU
		{289EAA4A-15E5-4D8B-87B2-0CFFD9510207}.Debug|x64.ActiveCfg = Debug|Any CPU
		{289EAA4A-15E5-4D8B-87B2-0CFFD9510207}.Debug|x64.Build.0 = Debug|Any CPU
		{289EAA4A-15E5-4D8B-87B2-0CFFD9510207}.Release|Any CPU.ActiveCfg = Release|Any CPU
		{289EAA4A-15E5-4D8B-87B2-0CFFD9510207}.Release|Any CPU.Build.0 = Release|Any CPU
		{289EAA4A-15E5-4D8B-87B2-0CFFD9510207}.Release|x64.ActiveCfg = Release|Any CPU
		{289EAA4A-15E5-4D8B-87B2-0CFFD9510207}.Release|x64.Build.0 = Release|Any CPU
		{150576C8-A80E-4FB1-9878-37D95A11FAF9}.Debug|Any CPU.ActiveCfg = Debug|Any CPU
		{150576C8-A80E-4FB1-9878-37D95A11FAF9}.Debug|Any CPU.Build.0 = Debug|Any CPU
		{150576C8-A80E-4FB1-9878-37D95A11FAF9}.Debug|x64.ActiveCfg = Debug|Any CPU
		{150576C8-A80E-4FB1-9878-37D95A11FAF9}.Debug|x64.Build.0 = Debug|Any CPU
		{150576C8-A80E-4FB1-9878-37D95A11FAF9}.Release|Any CPU.ActiveCfg = Release|Any CPU
		{150576C8-A80E-4FB1-9878-37D95A11FAF9}.Release|Any CPU.Build.0 = Release|Any CPU
		{150576C8-A80E-4FB1-9878-37D95A11FAF9}.Release|x64.ActiveCfg = Release|Any CPU
		{150576C8-A80E-4FB1-9878-37D95A11FAF9}.Release|x64.Build.0 = Release|Any CPU
		{EF5DDE84-CB4B-48E0-A21B-455849835E66}.Debug|Any CPU.ActiveCfg = Debug|Any CPU
		{EF5DDE84-CB4B-48E0-A21B-455849835E66}.Debug|Any CPU.Build.0 = Debug|Any CPU
		{EF5DDE84-CB4B-48E0-A21B-455849835E66}.Debug|x64.ActiveCfg = Debug|Any CPU
		{EF5DDE84-CB4B-48E0-A21B-455849835E66}.Debug|x64.Build.0 = Debug|Any CPU
		{EF5DDE84-CB4B-48E0-A21B-455849835E66}.Release|Any CPU.ActiveCfg = Release|Any CPU
		{EF5DDE84-CB4B-48E0-A21B-455849835E66}.Release|Any CPU.Build.0 = Release|Any CPU
		{EF5DDE84-CB4B-48E0-A21B-455849835E66}.Release|x64.ActiveCfg = Release|Any CPU
		{EF5DDE84-CB4B-48E0-A21B-455849835E66}.Release|x64.Build.0 = Release|Any CPU
		{7B455427-859F-4DDA-B67B-510FE450CB35}.Debug|Any CPU.ActiveCfg = Debug|Any CPU
		{7B455427-859F-4DDA-B67B-510FE450CB35}.Debug|Any CPU.Build.0 = Debug|Any CPU
		{7B455427-859F-4DDA-B67B-510FE450CB35}.Debug|x64.ActiveCfg = Debug|Any CPU
		{7B455427-859F-4DDA-B67B-510FE450CB35}.Debug|x64.Build.0 = Debug|Any CPU
		{7B455427-859F-4DDA-B67B-510FE450CB35}.Release|Any CPU.ActiveCfg = Release|Any CPU
		{7B455427-859F-4DDA-B67B-510FE450CB35}.Release|Any CPU.Build.0 = Release|Any CPU
		{7B455427-859F-4DDA-B67B-510FE450CB35}.Release|x64.ActiveCfg = Release|Any CPU
		{7B455427-859F-4DDA-B67B-510FE450CB35}.Release|x64.Build.0 = Release|Any CPU
		{761BD231-ACB3-47EB-ABCB-9F78F0ECCBBA}.Debug|Any CPU.ActiveCfg = Debug|Any CPU
		{761BD231-ACB3-47EB-ABCB-9F78F0ECCBBA}.Debug|Any CPU.Build.0 = Debug|Any CPU
		{761BD231-ACB3-47EB-ABCB-9F78F0ECCBBA}.Debug|x64.ActiveCfg = Debug|Any CPU
		{761BD231-ACB3-47EB-ABCB-9F78F0ECCBBA}.Debug|x64.Build.0 = Debug|Any CPU
		{761BD231-ACB3-47EB-ABCB-9F78F0ECCBBA}.Release|Any CPU.ActiveCfg = Release|Any CPU
		{761BD231-ACB3-47EB-ABCB-9F78F0ECCBBA}.Release|Any CPU.Build.0 = Release|Any CPU
		{761BD231-ACB3-47EB-ABCB-9F78F0ECCBBA}.Release|x64.ActiveCfg = Release|Any CPU
		{761BD231-ACB3-47EB-ABCB-9F78F0ECCBBA}.Release|x64.Build.0 = Release|Any CPU
		{ACFE1254-E0F4-42DF-ACAA-18E121173C27}.Debug|Any CPU.ActiveCfg = Debug|Any CPU
		{ACFE1254-E0F4-42DF-ACAA-18E121173C27}.Debug|Any CPU.Build.0 = Debug|Any CPU
		{ACFE1254-E0F4-42DF-ACAA-18E121173C27}.Debug|x64.ActiveCfg = Debug|Any CPU
		{ACFE1254-E0F4-42DF-ACAA-18E121173C27}.Debug|x64.Build.0 = Debug|Any CPU
		{ACFE1254-E0F4-42DF-ACAA-18E121173C27}.Release|Any CPU.ActiveCfg = Release|Any CPU
		{ACFE1254-E0F4-42DF-ACAA-18E121173C27}.Release|Any CPU.Build.0 = Release|Any CPU
		{ACFE1254-E0F4-42DF-ACAA-18E121173C27}.Release|x64.ActiveCfg = Release|Any CPU
		{ACFE1254-E0F4-42DF-ACAA-18E121173C27}.Release|x64.Build.0 = Release|Any CPU
		{9F19E6DD-D9CD-43EC-B5CC-0081997ED8B8}.Debug|Any CPU.ActiveCfg = Debug|Any CPU
		{9F19E6DD-D9CD-43EC-B5CC-0081997ED8B8}.Debug|Any CPU.Build.0 = Debug|Any CPU
		{9F19E6DD-D9CD-43EC-B5CC-0081997ED8B8}.Debug|x64.ActiveCfg = Debug|Any CPU
		{9F19E6DD-D9CD-43EC-B5CC-0081997ED8B8}.Debug|x64.Build.0 = Debug|Any CPU
		{9F19E6DD-D9CD-43EC-B5CC-0081997ED8B8}.Release|Any CPU.ActiveCfg = Release|Any CPU
		{9F19E6DD-D9CD-43EC-B5CC-0081997ED8B8}.Release|Any CPU.Build.0 = Release|Any CPU
		{9F19E6DD-D9CD-43EC-B5CC-0081997ED8B8}.Release|x64.ActiveCfg = Release|Any CPU
		{9F19E6DD-D9CD-43EC-B5CC-0081997ED8B8}.Release|x64.Build.0 = Release|Any CPU
		{6ABF29BB-2F42-4088-AE93-E41416CB3271}.Debug|Any CPU.ActiveCfg = Debug|Any CPU
		{6ABF29BB-2F42-4088-AE93-E41416CB3271}.Debug|Any CPU.Build.0 = Debug|Any CPU
		{6ABF29BB-2F42-4088-AE93-E41416CB3271}.Debug|x64.ActiveCfg = Debug|Any CPU
		{6ABF29BB-2F42-4088-AE93-E41416CB3271}.Debug|x64.Build.0 = Debug|Any CPU
		{6ABF29BB-2F42-4088-AE93-E41416CB3271}.Release|Any CPU.ActiveCfg = Release|Any CPU
		{6ABF29BB-2F42-4088-AE93-E41416CB3271}.Release|Any CPU.Build.0 = Release|Any CPU
		{6ABF29BB-2F42-4088-AE93-E41416CB3271}.Release|x64.ActiveCfg = Release|Any CPU
		{6ABF29BB-2F42-4088-AE93-E41416CB3271}.Release|x64.Build.0 = Release|Any CPU
		{399C779C-CE8D-4757-8098-7F055467D96C}.Debug|Any CPU.ActiveCfg = Debug|Any CPU
		{399C779C-CE8D-4757-8098-7F055467D96C}.Debug|Any CPU.Build.0 = Debug|Any CPU
		{399C779C-CE8D-4757-8098-7F055467D96C}.Debug|x64.ActiveCfg = Debug|Any CPU
		{399C779C-CE8D-4757-8098-7F055467D96C}.Debug|x64.Build.0 = Debug|Any CPU
		{399C779C-CE8D-4757-8098-7F055467D96C}.Release|Any CPU.ActiveCfg = Release|Any CPU
		{399C779C-CE8D-4757-8098-7F055467D96C}.Release|Any CPU.Build.0 = Release|Any CPU
		{399C779C-CE8D-4757-8098-7F055467D96C}.Release|x64.ActiveCfg = Release|Any CPU
		{399C779C-CE8D-4757-8098-7F055467D96C}.Release|x64.Build.0 = Release|Any CPU
		{F95A1BF7-B660-4789-9F2D-1749FC104EEE}.Debug|Any CPU.ActiveCfg = Debug|Any CPU
		{F95A1BF7-B660-4789-9F2D-1749FC104EEE}.Debug|Any CPU.Build.0 = Debug|Any CPU
		{F95A1BF7-B660-4789-9F2D-1749FC104EEE}.Debug|x64.ActiveCfg = Debug|Any CPU
		{F95A1BF7-B660-4789-9F2D-1749FC104EEE}.Debug|x64.Build.0 = Debug|Any CPU
		{F95A1BF7-B660-4789-9F2D-1749FC104EEE}.Release|Any CPU.ActiveCfg = Release|Any CPU
		{F95A1BF7-B660-4789-9F2D-1749FC104EEE}.Release|Any CPU.Build.0 = Release|Any CPU
		{F95A1BF7-B660-4789-9F2D-1749FC104EEE}.Release|x64.ActiveCfg = Release|Any CPU
		{F95A1BF7-B660-4789-9F2D-1749FC104EEE}.Release|x64.Build.0 = Release|Any CPU
		{2DC798DD-F147-4245-BD63-E0E6E5BB5E9E}.Debug|Any CPU.ActiveCfg = Debug|Any CPU
		{2DC798DD-F147-4245-BD63-E0E6E5BB5E9E}.Debug|Any CPU.Build.0 = Debug|Any CPU
		{2DC798DD-F147-4245-BD63-E0E6E5BB5E9E}.Debug|x64.ActiveCfg = Debug|Any CPU
		{2DC798DD-F147-4245-BD63-E0E6E5BB5E9E}.Debug|x64.Build.0 = Debug|Any CPU
		{2DC798DD-F147-4245-BD63-E0E6E5BB5E9E}.Release|Any CPU.ActiveCfg = Release|Any CPU
		{2DC798DD-F147-4245-BD63-E0E6E5BB5E9E}.Release|Any CPU.Build.0 = Release|Any CPU
		{2DC798DD-F147-4245-BD63-E0E6E5BB5E9E}.Release|x64.ActiveCfg = Release|Any CPU
		{2DC798DD-F147-4245-BD63-E0E6E5BB5E9E}.Release|x64.Build.0 = Release|Any CPU
		{214D88B7-D35B-4129-A8F0-54B16AF2D67E}.Debug|Any CPU.ActiveCfg = Debug|Any CPU
		{214D88B7-D35B-4129-A8F0-54B16AF2D67E}.Debug|Any CPU.Build.0 = Debug|Any CPU
		{214D88B7-D35B-4129-A8F0-54B16AF2D67E}.Debug|x64.ActiveCfg = Debug|Any CPU
		{214D88B7-D35B-4129-A8F0-54B16AF2D67E}.Debug|x64.Build.0 = Debug|Any CPU
		{214D88B7-D35B-4129-A8F0-54B16AF2D67E}.Release|Any CPU.ActiveCfg = Release|Any CPU
		{214D88B7-D35B-4129-A8F0-54B16AF2D67E}.Release|Any CPU.Build.0 = Release|Any CPU
		{214D88B7-D35B-4129-A8F0-54B16AF2D67E}.Release|x64.ActiveCfg = Release|Any CPU
		{214D88B7-D35B-4129-A8F0-54B16AF2D67E}.Release|x64.Build.0 = Release|Any CPU
		{790E147B-C2A8-4F60-B8C9-8C9087EB8F93}.Debug|Any CPU.ActiveCfg = Debug|Any CPU
		{790E147B-C2A8-4F60-B8C9-8C9087EB8F93}.Debug|Any CPU.Build.0 = Debug|Any CPU
		{790E147B-C2A8-4F60-B8C9-8C9087EB8F93}.Debug|x64.ActiveCfg = Debug|Any CPU
		{790E147B-C2A8-4F60-B8C9-8C9087EB8F93}.Debug|x64.Build.0 = Debug|Any CPU
		{790E147B-C2A8-4F60-B8C9-8C9087EB8F93}.Release|Any CPU.ActiveCfg = Release|Any CPU
		{790E147B-C2A8-4F60-B8C9-8C9087EB8F93}.Release|Any CPU.Build.0 = Release|Any CPU
		{790E147B-C2A8-4F60-B8C9-8C9087EB8F93}.Release|x64.ActiveCfg = Release|Any CPU
		{790E147B-C2A8-4F60-B8C9-8C9087EB8F93}.Release|x64.Build.0 = Release|Any CPU
		{6E6930F7-F03F-408D-80D7-F83BB5AA0D12}.Debug|Any CPU.ActiveCfg = Debug|Any CPU
		{6E6930F7-F03F-408D-80D7-F83BB5AA0D12}.Debug|Any CPU.Build.0 = Debug|Any CPU
		{6E6930F7-F03F-408D-80D7-F83BB5AA0D12}.Debug|x64.ActiveCfg = Debug|Any CPU
		{6E6930F7-F03F-408D-80D7-F83BB5AA0D12}.Debug|x64.Build.0 = Debug|Any CPU
		{6E6930F7-F03F-408D-80D7-F83BB5AA0D12}.Release|Any CPU.ActiveCfg = Release|Any CPU
		{6E6930F7-F03F-408D-80D7-F83BB5AA0D12}.Release|Any CPU.Build.0 = Release|Any CPU
		{6E6930F7-F03F-408D-80D7-F83BB5AA0D12}.Release|x64.ActiveCfg = Release|Any CPU
		{6E6930F7-F03F-408D-80D7-F83BB5AA0D12}.Release|x64.Build.0 = Release|Any CPU
		{AAA5C5DD-349B-47F0-9A17-08BBC3040305}.Debug|Any CPU.ActiveCfg = Debug|Any CPU
		{AAA5C5DD-349B-47F0-9A17-08BBC3040305}.Debug|Any CPU.Build.0 = Debug|Any CPU
		{AAA5C5DD-349B-47F0-9A17-08BBC3040305}.Debug|x64.ActiveCfg = Debug|Any CPU
		{AAA5C5DD-349B-47F0-9A17-08BBC3040305}.Debug|x64.Build.0 = Debug|Any CPU
		{AAA5C5DD-349B-47F0-9A17-08BBC3040305}.Release|Any CPU.ActiveCfg = Release|Any CPU
		{AAA5C5DD-349B-47F0-9A17-08BBC3040305}.Release|Any CPU.Build.0 = Release|Any CPU
		{AAA5C5DD-349B-47F0-9A17-08BBC3040305}.Release|x64.ActiveCfg = Release|Any CPU
		{AAA5C5DD-349B-47F0-9A17-08BBC3040305}.Release|x64.Build.0 = Release|Any CPU
		{8243569F-8637-4CDE-ADAD-210EB5DCD127}.Debug|Any CPU.ActiveCfg = Debug|Any CPU
		{8243569F-8637-4CDE-ADAD-210EB5DCD127}.Debug|Any CPU.Build.0 = Debug|Any CPU
		{8243569F-8637-4CDE-ADAD-210EB5DCD127}.Debug|x64.ActiveCfg = Debug|Any CPU
		{8243569F-8637-4CDE-ADAD-210EB5DCD127}.Debug|x64.Build.0 = Debug|Any CPU
		{8243569F-8637-4CDE-ADAD-210EB5DCD127}.Release|Any CPU.ActiveCfg = Release|Any CPU
		{8243569F-8637-4CDE-ADAD-210EB5DCD127}.Release|Any CPU.Build.0 = Release|Any CPU
		{8243569F-8637-4CDE-ADAD-210EB5DCD127}.Release|x64.ActiveCfg = Release|Any CPU
		{8243569F-8637-4CDE-ADAD-210EB5DCD127}.Release|x64.Build.0 = Release|Any CPU
		{0DA5A861-92E1-4F98-92A4-9C9809EF33CB}.Debug|Any CPU.ActiveCfg = Debug|Any CPU
		{0DA5A861-92E1-4F98-92A4-9C9809EF33CB}.Debug|Any CPU.Build.0 = Debug|Any CPU
		{0DA5A861-92E1-4F98-92A4-9C9809EF33CB}.Debug|x64.ActiveCfg = Debug|Any CPU
		{0DA5A861-92E1-4F98-92A4-9C9809EF33CB}.Debug|x64.Build.0 = Debug|Any CPU
		{0DA5A861-92E1-4F98-92A4-9C9809EF33CB}.Release|Any CPU.ActiveCfg = Release|Any CPU
		{0DA5A861-92E1-4F98-92A4-9C9809EF33CB}.Release|Any CPU.Build.0 = Release|Any CPU
		{0DA5A861-92E1-4F98-92A4-9C9809EF33CB}.Release|x64.ActiveCfg = Release|Any CPU
		{0DA5A861-92E1-4F98-92A4-9C9809EF33CB}.Release|x64.Build.0 = Release|Any CPU
	EndGlobalSection
	GlobalSection(SolutionProperties) = preSolution
		HideSolutionNode = FALSE
	EndGlobalSection
	GlobalSection(NestedProjects) = preSolution
		{36BBA44F-9A2F-413B-971D-C347BAF87B2A} = {79DE0448-1BF2-48D2-8A33-243E402CFD27}
		{1A9BCE53-79D0-4761-B3A2-6967B610FA94} = {79DE0448-1BF2-48D2-8A33-243E402CFD27}
		{B7CA43B2-BB7F-46B1-9516-7CAFBC89816C} = {79DE0448-1BF2-48D2-8A33-243E402CFD27}
		{0E809C1E-CBF5-42E4-8624-2E244A52E422} = {79DE0448-1BF2-48D2-8A33-243E402CFD27}
		{707FF74D-C1AF-44CC-ACB0-533B11684710} = {CD412C3D-63D0-4726-B4C3-FEF701E4DCAF}
		{2D548C40-6260-4A4E-9C56-E8A80C639E13} = {CD412C3D-63D0-4726-B4C3-FEF701E4DCAF}
		{30F9056A-8FE3-4971-94A7-1113225E951B} = {1A9BCE53-79D0-4761-B3A2-6967B610FA94}
		{15EC4DEA-8FB6-4394-8E6F-EEF96A8F0FF2} = {1A9BCE53-79D0-4761-B3A2-6967B610FA94}
		{CAF59DC7-ED7B-4FA5-9031-4590282ACA0F} = {36BBA44F-9A2F-413B-971D-C347BAF87B2A}
		{235087F2-A0EA-431A-9A15-B121F181D071} = {0E809C1E-CBF5-42E4-8624-2E244A52E422}
		{0AFE4810-2178-461D-BF84-4C562A2137FA} = {2D548C40-6260-4A4E-9C56-E8A80C639E13}
		{CD6402F1-DDA4-45D8-BB03-B2C9C46A49C8} = {CD412C3D-63D0-4726-B4C3-FEF701E4DCAF}
		{B245D778-779E-4B78-9672-0BB21AF7D1D9} = {CD6402F1-DDA4-45D8-BB03-B2C9C46A49C8}
		{AF7ECF9B-1295-469A-8C17-303BAA5CA621} = {1A9BCE53-79D0-4761-B3A2-6967B610FA94}
		{9FE051D8-C6FA-42F2-96F1-18471FD27785} = {2D548C40-6260-4A4E-9C56-E8A80C639E13}
		{36F24B13-BFE4-4CCE-B989-357A6991D0AA} = {1A9BCE53-79D0-4761-B3A2-6967B610FA94}
		{28E3B2AE-5F75-4AD8-8499-6AE8A36C3194} = {0E809C1E-CBF5-42E4-8624-2E244A52E422}
		{87729FA0-A618-4C5A-A4F2-520AE7484A35} = {CD412C3D-63D0-4726-B4C3-FEF701E4DCAF}
		{4B27F8C7-E33F-4B4A-8533-373C8F3C2E7D} = {87729FA0-A618-4C5A-A4F2-520AE7484A35}
		{F012AE0C-4646-4CB9-9CA3-3738F490B80B} = {87729FA0-A618-4C5A-A4F2-520AE7484A35}
		{280F010F-BB7D-4FE3-96E9-85F90500016D} = {87729FA0-A618-4C5A-A4F2-520AE7484A35}
		{9F345B96-D998-4695-8F38-F0C72203CCE2} = {CD412C3D-63D0-4726-B4C3-FEF701E4DCAF}
		{99E8013C-B1D8-4390-BD13-48035A5DD6A6} = {9F345B96-D998-4695-8F38-F0C72203CCE2}
		{585E6EDD-35B7-4415-9068-E34D252D0922} = {9F345B96-D998-4695-8F38-F0C72203CCE2}
		{2E33C5F9-139D-44E9-B142-52F21CE7F122} = {2D548C40-6260-4A4E-9C56-E8A80C639E13}
		{5C115C74-F75B-4471-A1E3-46ED9E03D5E4} = {79DE0448-1BF2-48D2-8A33-243E402CFD27}
		{FC59D706-F16E-4A99-A3A9-59A3DE1C4069} = {CD412C3D-63D0-4726-B4C3-FEF701E4DCAF}
		{DE31B46F-495E-47B1-A136-6574DBB81B92} = {FC59D706-F16E-4A99-A3A9-59A3DE1C4069}
		{2ED5C3A5-779C-4D17-855B-81838AC105E6} = {FC59D706-F16E-4A99-A3A9-59A3DE1C4069}
		{3BDD2ABF-98D7-4413-9D55-4361F020993B} = {1A9BCE53-79D0-4761-B3A2-6967B610FA94}
		{19BEC0E4-8943-4AB8-8383-F7C11CFC3DB9} = {2D548C40-6260-4A4E-9C56-E8A80C639E13}
		{4979ADF2-4574-4FF5-BDF4-B5EC0EFAC803} = {1A9BCE53-79D0-4761-B3A2-6967B610FA94}
		{35AC9746-51AC-4EB5-A6B9-AFC169868ABF} = {2D548C40-6260-4A4E-9C56-E8A80C639E13}
		{289EAA4A-15E5-4D8B-87B2-0CFFD9510207} = {79DE0448-1BF2-48D2-8A33-243E402CFD27}
		{150576C8-A80E-4FB1-9878-37D95A11FAF9} = {79DE0448-1BF2-48D2-8A33-243E402CFD27}
		{EF5DDE84-CB4B-48E0-A21B-455849835E66} = {1A9BCE53-79D0-4761-B3A2-6967B610FA94}
		{7B455427-859F-4DDA-B67B-510FE450CB35} = {79DE0448-1BF2-48D2-8A33-243E402CFD27}
		{761BD231-ACB3-47EB-ABCB-9F78F0ECCBBA} = {1A9BCE53-79D0-4761-B3A2-6967B610FA94}
		{6EE499A5-760F-4823-8AB6-DBDE8C5B5F45} = {CD412C3D-63D0-4726-B4C3-FEF701E4DCAF}
		{ACFE1254-E0F4-42DF-ACAA-18E121173C27} = {6EE499A5-760F-4823-8AB6-DBDE8C5B5F45}
		{9F19E6DD-D9CD-43EC-B5CC-0081997ED8B8} = {6EE499A5-760F-4823-8AB6-DBDE8C5B5F45}
		{6ABF29BB-2F42-4088-AE93-E41416CB3271} = {CD412C3D-63D0-4726-B4C3-FEF701E4DCAF}
		{399C779C-CE8D-4757-8098-7F055467D96C} = {1A9BCE53-79D0-4761-B3A2-6967B610FA94}
		{F95A1BF7-B660-4789-9F2D-1749FC104EEE} = {1A9BCE53-79D0-4761-B3A2-6967B610FA94}
		{2DC798DD-F147-4245-BD63-E0E6E5BB5E9E} = {2D548C40-6260-4A4E-9C56-E8A80C639E13}
		{B52DF352-C460-4707-851A-22436174CBAA} = {44FE7EFD-2EAA-49BA-9621-D9EFCB39D50B}
		{214D88B7-D35B-4129-A8F0-54B16AF2D67E} = {B52DF352-C460-4707-851A-22436174CBAA}
		{790E147B-C2A8-4F60-B8C9-8C9087EB8F93} = {1A9BCE53-79D0-4761-B3A2-6967B610FA94}
		{6E6930F7-F03F-408D-80D7-F83BB5AA0D12} = {1A9BCE53-79D0-4761-B3A2-6967B610FA94}
		{AAA5C5DD-349B-47F0-9A17-08BBC3040305} = {CD412C3D-63D0-4726-B4C3-FEF701E4DCAF}
		{8243569F-8637-4CDE-ADAD-210EB5DCD127} = {1A9BCE53-79D0-4761-B3A2-6967B610FA94}
		{0DA5A861-92E1-4F98-92A4-9C9809EF33CB} = {2D548C40-6260-4A4E-9C56-E8A80C639E13}
	EndGlobalSection
	GlobalSection(ExtensibilityGlobals) = postSolution
		SolutionGuid = {1285A466-2AF6-43E6-8DCC-2F93A5D5F02E}
	EndGlobalSection
EndGlobal
