
Microsoft Visual Studio Solution File, Format Version 12.00
# Visual Studio Version 17
VisualStudioVersion = 17.0.31912.275
MinimumVisualStudioVersion = 10.0.40219.1
Project("{2150E333-8FDC-42A3-9474-1A3956D46DE8}") = "Sources", "Sources", "{79DE0448-1BF2-48D2-8A33-243E402CFD27}"
EndProject
Project("{2150E333-8FDC-42A3-9474-1A3956D46DE8}") = "Compute", "Compute", "{36BBA44F-9A2F-413B-971D-C347BAF87B2A}"
EndProject
Project("{2150E333-8FDC-42A3-9474-1A3956D46DE8}") = "Tests", "Tests", "{CD412C3D-63D0-4726-B4C3-FEF701E4DCAF}"
EndProject
Project("{2150E333-8FDC-42A3-9474-1A3956D46DE8}") = "Adapters", "Adapters", "{1A9BCE53-79D0-4761-B3A2-6967B610FA94}"
EndProject
Project("{9A19103F-16F7-4668-BE54-9A1E7A4F7556}") = "ArmoniK.Core.Common", "Common\src\ArmoniK.Core.Common.csproj", "{B7CA43B2-BB7F-46B1-9516-7CAFBC89816C}"
EndProject
Project("{2150E333-8FDC-42A3-9474-1A3956D46DE8}") = "Control", "Control", "{0E809C1E-CBF5-42E4-8624-2E244A52E422}"
EndProject
Project("{9A19103F-16F7-4668-BE54-9A1E7A4F7556}") = "ArmoniK.Core.Common.Tests", "Common\tests\ArmoniK.Core.Common.Tests.csproj", "{707FF74D-C1AF-44CC-ACB0-533B11684710}"
EndProject
Project("{2150E333-8FDC-42A3-9474-1A3956D46DE8}") = "Adapters", "Adapters", "{2D548C40-6260-4A4E-9C56-E8A80C639E13}"
EndProject
Project("{9A19103F-16F7-4668-BE54-9A1E7A4F7556}") = "ArmoniK.Core.Adapters.Amqp", "Adaptors\Amqp\src\ArmoniK.Core.Adapters.Amqp.csproj", "{30F9056A-8FE3-4971-94A7-1113225E951B}"
EndProject
Project("{9A19103F-16F7-4668-BE54-9A1E7A4F7556}") = "ArmoniK.Core.Adapters.MongoDB", "Adaptors\MongoDB\src\ArmoniK.Core.Adapters.MongoDB.csproj", "{15EC4DEA-8FB6-4394-8E6F-EEF96A8F0FF2}"
EndProject
Project("{9A19103F-16F7-4668-BE54-9A1E7A4F7556}") = "ArmoniK.Core.Compute.PollingAgent", "Compute\PollingAgent\src\ArmoniK.Core.Compute.PollingAgent.csproj", "{CAF59DC7-ED7B-4FA5-9031-4590282ACA0F}"
EndProject
Project("{9A19103F-16F7-4668-BE54-9A1E7A4F7556}") = "ArmoniK.Core.Control.Submitter", "Control\Submitter\src\ArmoniK.Core.Control.Submitter.csproj", "{235087F2-A0EA-431A-9A15-B121F181D071}"
EndProject
Project("{9A19103F-16F7-4668-BE54-9A1E7A4F7556}") = "ArmoniK.Core.Adapters.MongoDB.Tests", "Adaptors\MongoDB\tests\ArmoniK.Core.Adapters.MongoDB.Tests.csproj", "{0AFE4810-2178-461D-BF84-4C562A2137FA}"
EndProject
Project("{2150E333-8FDC-42A3-9474-1A3956D46DE8}") = "Control", "Control", "{CD6402F1-DDA4-45D8-BB03-B2C9C46A49C8}"
EndProject
Project("{9A19103F-16F7-4668-BE54-9A1E7A4F7556}") = "ArmoniK.Core.Control.Submitter.Tests", "Control\Submitter\tests\ArmoniK.Core.Control.Submitter.Tests.csproj", "{B245D778-779E-4B78-9672-0BB21AF7D1D9}"
EndProject
Project("{9A19103F-16F7-4668-BE54-9A1E7A4F7556}") = "ArmoniK.Core.Adapters.Memory", "Adaptors\Memory\src\ArmoniK.Core.Adapters.Memory.csproj", "{AF7ECF9B-1295-469A-8C17-303BAA5CA621}"
EndProject
Project("{9A19103F-16F7-4668-BE54-9A1E7A4F7556}") = "ArmoniK.Core.Adapters.Memory.Tests", "Adaptors\Memory\tests\ArmoniK.Core.Adapters.Memory.Tests.csproj", "{9FE051D8-C6FA-42F2-96F1-18471FD27785}"
EndProject
Project("{9A19103F-16F7-4668-BE54-9A1E7A4F7556}") = "ArmoniK.Core.Adapters.Redis", "Adaptors\Redis\src\ArmoniK.Core.Adapters.Redis.csproj", "{36F24B13-BFE4-4CCE-B989-357A6991D0AA}"
EndProject
Project("{9A19103F-16F7-4668-BE54-9A1E7A4F7556}") = "ArmoniK.Core.Control.Metrics", "Control\Metrics\src\ArmoniK.Core.Control.Metrics.csproj", "{28E3B2AE-5F75-4AD8-8499-6AE8A36C3194}"
EndProject
Project("{2150E333-8FDC-42A3-9474-1A3956D46DE8}") = "Stream", "Stream", "{87729FA0-A618-4C5A-A4F2-520AE7484A35}"
EndProject
Project("{9A19103F-16F7-4668-BE54-9A1E7A4F7556}") = "ArmoniK.Extensions.Common.StreamWrapper.Tests.Client", "Tests\Stream\Client\ArmoniK.Extensions.Common.StreamWrapper.Tests.Client.csproj", "{4B27F8C7-E33F-4B4A-8533-373C8F3C2E7D}"
EndProject
Project("{9A19103F-16F7-4668-BE54-9A1E7A4F7556}") = "ArmoniK.Extensions.Common.StreamWrapper.Tests.Common", "Tests\Stream\Common\ArmoniK.Extensions.Common.StreamWrapper.Tests.Common.csproj", "{F012AE0C-4646-4CB9-9CA3-3738F490B80B}"
EndProject
Project("{9A19103F-16F7-4668-BE54-9A1E7A4F7556}") = "ArmoniK.Extensions.Common.StreamWrapper.Tests.Server", "Tests\Stream\Server\ArmoniK.Extensions.Common.StreamWrapper.Tests.Server.csproj", "{280F010F-BB7D-4FE3-96E9-85F90500016D}"
EndProject
Project("{2150E333-8FDC-42A3-9474-1A3956D46DE8}") = "HtcMock", "HtcMock", "{9F345B96-D998-4695-8F38-F0C72203CCE2}"
EndProject
Project("{9A19103F-16F7-4668-BE54-9A1E7A4F7556}") = "ArmoniK.Samples.HtcMock.Client", "Tests\HtcMock\Client\src\ArmoniK.Samples.HtcMock.Client.csproj", "{99E8013C-B1D8-4390-BD13-48035A5DD6A6}"
EndProject
Project("{9A19103F-16F7-4668-BE54-9A1E7A4F7556}") = "ArmoniK.Samples.HtcMock.Server", "Tests\HtcMock\Server\src\ArmoniK.Samples.HtcMock.Server.csproj", "{585E6EDD-35B7-4415-9068-E34D252D0922}"
EndProject
Project("{9A19103F-16F7-4668-BE54-9A1E7A4F7556}") = "ArmoniK.Core.Adapters.Redis.Tests", "Adaptors\Redis\tests\ArmoniK.Core.Adapters.Redis.Tests.csproj", "{2E33C5F9-139D-44E9-B142-52F21CE7F122}"
EndProject
Project("{9A19103F-16F7-4668-BE54-9A1E7A4F7556}") = "ArmoniK.Core.ProfilingTools", "ProfilingTools\src\ArmoniK.Core.ProfilingTools.csproj", "{5C115C74-F75B-4471-A1E3-46ED9E03D5E4}"
EndProject
Global
	GlobalSection(SolutionConfigurationPlatforms) = preSolution
		Debug|Any CPU = Debug|Any CPU
		Debug|x64 = Debug|x64
		Release|Any CPU = Release|Any CPU
		Release|x64 = Release|x64
	EndGlobalSection
	GlobalSection(ProjectConfigurationPlatforms) = postSolution
		{B7CA43B2-BB7F-46B1-9516-7CAFBC89816C}.Debug|Any CPU.ActiveCfg = Debug|Any CPU
		{B7CA43B2-BB7F-46B1-9516-7CAFBC89816C}.Debug|Any CPU.Build.0 = Debug|Any CPU
		{B7CA43B2-BB7F-46B1-9516-7CAFBC89816C}.Debug|x64.ActiveCfg = Debug|Any CPU
		{B7CA43B2-BB7F-46B1-9516-7CAFBC89816C}.Debug|x64.Build.0 = Debug|Any CPU
		{B7CA43B2-BB7F-46B1-9516-7CAFBC89816C}.Release|Any CPU.ActiveCfg = Release|Any CPU
		{B7CA43B2-BB7F-46B1-9516-7CAFBC89816C}.Release|Any CPU.Build.0 = Release|Any CPU
		{B7CA43B2-BB7F-46B1-9516-7CAFBC89816C}.Release|x64.ActiveCfg = Release|Any CPU
		{B7CA43B2-BB7F-46B1-9516-7CAFBC89816C}.Release|x64.Build.0 = Release|Any CPU
		{707FF74D-C1AF-44CC-ACB0-533B11684710}.Debug|Any CPU.ActiveCfg = Debug|Any CPU
		{707FF74D-C1AF-44CC-ACB0-533B11684710}.Debug|Any CPU.Build.0 = Debug|Any CPU
		{707FF74D-C1AF-44CC-ACB0-533B11684710}.Debug|x64.ActiveCfg = Debug|Any CPU
		{707FF74D-C1AF-44CC-ACB0-533B11684710}.Debug|x64.Build.0 = Debug|Any CPU
		{707FF74D-C1AF-44CC-ACB0-533B11684710}.Release|Any CPU.ActiveCfg = Release|Any CPU
		{707FF74D-C1AF-44CC-ACB0-533B11684710}.Release|Any CPU.Build.0 = Release|Any CPU
		{707FF74D-C1AF-44CC-ACB0-533B11684710}.Release|x64.ActiveCfg = Release|Any CPU
		{707FF74D-C1AF-44CC-ACB0-533B11684710}.Release|x64.Build.0 = Release|Any CPU
		{30F9056A-8FE3-4971-94A7-1113225E951B}.Debug|Any CPU.ActiveCfg = Debug|Any CPU
		{30F9056A-8FE3-4971-94A7-1113225E951B}.Debug|Any CPU.Build.0 = Debug|Any CPU
		{30F9056A-8FE3-4971-94A7-1113225E951B}.Debug|x64.ActiveCfg = Debug|Any CPU
		{30F9056A-8FE3-4971-94A7-1113225E951B}.Debug|x64.Build.0 = Debug|Any CPU
		{30F9056A-8FE3-4971-94A7-1113225E951B}.Release|Any CPU.ActiveCfg = Release|Any CPU
		{30F9056A-8FE3-4971-94A7-1113225E951B}.Release|Any CPU.Build.0 = Release|Any CPU
		{30F9056A-8FE3-4971-94A7-1113225E951B}.Release|x64.ActiveCfg = Release|Any CPU
		{30F9056A-8FE3-4971-94A7-1113225E951B}.Release|x64.Build.0 = Release|Any CPU
		{15EC4DEA-8FB6-4394-8E6F-EEF96A8F0FF2}.Debug|Any CPU.ActiveCfg = Debug|Any CPU
		{15EC4DEA-8FB6-4394-8E6F-EEF96A8F0FF2}.Debug|Any CPU.Build.0 = Debug|Any CPU
		{15EC4DEA-8FB6-4394-8E6F-EEF96A8F0FF2}.Debug|x64.ActiveCfg = Debug|Any CPU
		{15EC4DEA-8FB6-4394-8E6F-EEF96A8F0FF2}.Debug|x64.Build.0 = Debug|Any CPU
		{15EC4DEA-8FB6-4394-8E6F-EEF96A8F0FF2}.Release|Any CPU.ActiveCfg = Release|Any CPU
		{15EC4DEA-8FB6-4394-8E6F-EEF96A8F0FF2}.Release|Any CPU.Build.0 = Release|Any CPU
		{15EC4DEA-8FB6-4394-8E6F-EEF96A8F0FF2}.Release|x64.ActiveCfg = Release|Any CPU
		{15EC4DEA-8FB6-4394-8E6F-EEF96A8F0FF2}.Release|x64.Build.0 = Release|Any CPU
		{CAF59DC7-ED7B-4FA5-9031-4590282ACA0F}.Debug|Any CPU.ActiveCfg = Debug|Any CPU
		{CAF59DC7-ED7B-4FA5-9031-4590282ACA0F}.Debug|Any CPU.Build.0 = Debug|Any CPU
		{CAF59DC7-ED7B-4FA5-9031-4590282ACA0F}.Debug|x64.ActiveCfg = Debug|Any CPU
		{CAF59DC7-ED7B-4FA5-9031-4590282ACA0F}.Debug|x64.Build.0 = Debug|Any CPU
		{CAF59DC7-ED7B-4FA5-9031-4590282ACA0F}.Release|Any CPU.ActiveCfg = Release|Any CPU
		{CAF59DC7-ED7B-4FA5-9031-4590282ACA0F}.Release|Any CPU.Build.0 = Release|Any CPU
		{CAF59DC7-ED7B-4FA5-9031-4590282ACA0F}.Release|x64.ActiveCfg = Release|Any CPU
		{CAF59DC7-ED7B-4FA5-9031-4590282ACA0F}.Release|x64.Build.0 = Release|Any CPU
		{235087F2-A0EA-431A-9A15-B121F181D071}.Debug|Any CPU.ActiveCfg = Debug|Any CPU
		{235087F2-A0EA-431A-9A15-B121F181D071}.Debug|Any CPU.Build.0 = Debug|Any CPU
		{235087F2-A0EA-431A-9A15-B121F181D071}.Debug|x64.ActiveCfg = Debug|Any CPU
		{235087F2-A0EA-431A-9A15-B121F181D071}.Debug|x64.Build.0 = Debug|Any CPU
		{235087F2-A0EA-431A-9A15-B121F181D071}.Release|Any CPU.ActiveCfg = Release|Any CPU
		{235087F2-A0EA-431A-9A15-B121F181D071}.Release|Any CPU.Build.0 = Release|Any CPU
		{235087F2-A0EA-431A-9A15-B121F181D071}.Release|x64.ActiveCfg = Release|Any CPU
		{235087F2-A0EA-431A-9A15-B121F181D071}.Release|x64.Build.0 = Release|Any CPU
		{0AFE4810-2178-461D-BF84-4C562A2137FA}.Debug|Any CPU.ActiveCfg = Debug|Any CPU
		{0AFE4810-2178-461D-BF84-4C562A2137FA}.Debug|Any CPU.Build.0 = Debug|Any CPU
		{0AFE4810-2178-461D-BF84-4C562A2137FA}.Debug|x64.ActiveCfg = Debug|Any CPU
		{0AFE4810-2178-461D-BF84-4C562A2137FA}.Debug|x64.Build.0 = Debug|Any CPU
		{0AFE4810-2178-461D-BF84-4C562A2137FA}.Release|Any CPU.ActiveCfg = Release|Any CPU
		{0AFE4810-2178-461D-BF84-4C562A2137FA}.Release|Any CPU.Build.0 = Release|Any CPU
		{0AFE4810-2178-461D-BF84-4C562A2137FA}.Release|x64.ActiveCfg = Release|Any CPU
		{0AFE4810-2178-461D-BF84-4C562A2137FA}.Release|x64.Build.0 = Release|Any CPU
		{B245D778-779E-4B78-9672-0BB21AF7D1D9}.Debug|Any CPU.ActiveCfg = Debug|Any CPU
		{B245D778-779E-4B78-9672-0BB21AF7D1D9}.Debug|Any CPU.Build.0 = Debug|Any CPU
		{B245D778-779E-4B78-9672-0BB21AF7D1D9}.Debug|x64.ActiveCfg = Debug|Any CPU
		{B245D778-779E-4B78-9672-0BB21AF7D1D9}.Debug|x64.Build.0 = Debug|Any CPU
		{B245D778-779E-4B78-9672-0BB21AF7D1D9}.Release|Any CPU.ActiveCfg = Release|Any CPU
		{B245D778-779E-4B78-9672-0BB21AF7D1D9}.Release|Any CPU.Build.0 = Release|Any CPU
		{B245D778-779E-4B78-9672-0BB21AF7D1D9}.Release|x64.ActiveCfg = Release|Any CPU
		{B245D778-779E-4B78-9672-0BB21AF7D1D9}.Release|x64.Build.0 = Release|Any CPU
		{AF7ECF9B-1295-469A-8C17-303BAA5CA621}.Debug|Any CPU.ActiveCfg = Debug|Any CPU
		{AF7ECF9B-1295-469A-8C17-303BAA5CA621}.Debug|Any CPU.Build.0 = Debug|Any CPU
		{AF7ECF9B-1295-469A-8C17-303BAA5CA621}.Debug|x64.ActiveCfg = Debug|Any CPU
		{AF7ECF9B-1295-469A-8C17-303BAA5CA621}.Debug|x64.Build.0 = Debug|Any CPU
		{AF7ECF9B-1295-469A-8C17-303BAA5CA621}.Release|Any CPU.ActiveCfg = Release|Any CPU
		{AF7ECF9B-1295-469A-8C17-303BAA5CA621}.Release|Any CPU.Build.0 = Release|Any CPU
		{AF7ECF9B-1295-469A-8C17-303BAA5CA621}.Release|x64.ActiveCfg = Release|Any CPU
		{AF7ECF9B-1295-469A-8C17-303BAA5CA621}.Release|x64.Build.0 = Release|Any CPU
		{9FE051D8-C6FA-42F2-96F1-18471FD27785}.Debug|Any CPU.ActiveCfg = Debug|Any CPU
		{9FE051D8-C6FA-42F2-96F1-18471FD27785}.Debug|Any CPU.Build.0 = Debug|Any CPU
		{9FE051D8-C6FA-42F2-96F1-18471FD27785}.Debug|x64.ActiveCfg = Debug|Any CPU
		{9FE051D8-C6FA-42F2-96F1-18471FD27785}.Debug|x64.Build.0 = Debug|Any CPU
		{9FE051D8-C6FA-42F2-96F1-18471FD27785}.Release|Any CPU.ActiveCfg = Release|Any CPU
		{9FE051D8-C6FA-42F2-96F1-18471FD27785}.Release|Any CPU.Build.0 = Release|Any CPU
		{9FE051D8-C6FA-42F2-96F1-18471FD27785}.Release|x64.ActiveCfg = Release|Any CPU
		{9FE051D8-C6FA-42F2-96F1-18471FD27785}.Release|x64.Build.0 = Release|Any CPU
		{36F24B13-BFE4-4CCE-B989-357A6991D0AA}.Debug|Any CPU.ActiveCfg = Debug|Any CPU
		{36F24B13-BFE4-4CCE-B989-357A6991D0AA}.Debug|Any CPU.Build.0 = Debug|Any CPU
		{36F24B13-BFE4-4CCE-B989-357A6991D0AA}.Debug|x64.ActiveCfg = Debug|Any CPU
		{36F24B13-BFE4-4CCE-B989-357A6991D0AA}.Debug|x64.Build.0 = Debug|Any CPU
		{36F24B13-BFE4-4CCE-B989-357A6991D0AA}.Release|Any CPU.ActiveCfg = Release|Any CPU
		{36F24B13-BFE4-4CCE-B989-357A6991D0AA}.Release|Any CPU.Build.0 = Release|Any CPU
		{36F24B13-BFE4-4CCE-B989-357A6991D0AA}.Release|x64.ActiveCfg = Release|Any CPU
		{36F24B13-BFE4-4CCE-B989-357A6991D0AA}.Release|x64.Build.0 = Release|Any CPU
		{28E3B2AE-5F75-4AD8-8499-6AE8A36C3194}.Debug|Any CPU.ActiveCfg = Debug|Any CPU
		{28E3B2AE-5F75-4AD8-8499-6AE8A36C3194}.Debug|Any CPU.Build.0 = Debug|Any CPU
		{28E3B2AE-5F75-4AD8-8499-6AE8A36C3194}.Debug|x64.ActiveCfg = Debug|Any CPU
		{28E3B2AE-5F75-4AD8-8499-6AE8A36C3194}.Debug|x64.Build.0 = Debug|Any CPU
		{28E3B2AE-5F75-4AD8-8499-6AE8A36C3194}.Release|Any CPU.ActiveCfg = Release|Any CPU
		{28E3B2AE-5F75-4AD8-8499-6AE8A36C3194}.Release|Any CPU.Build.0 = Release|Any CPU
		{28E3B2AE-5F75-4AD8-8499-6AE8A36C3194}.Release|x64.ActiveCfg = Release|Any CPU
		{28E3B2AE-5F75-4AD8-8499-6AE8A36C3194}.Release|x64.Build.0 = Release|Any CPU
		{4B27F8C7-E33F-4B4A-8533-373C8F3C2E7D}.Debug|Any CPU.ActiveCfg = Debug|Any CPU
		{4B27F8C7-E33F-4B4A-8533-373C8F3C2E7D}.Debug|Any CPU.Build.0 = Debug|Any CPU
		{4B27F8C7-E33F-4B4A-8533-373C8F3C2E7D}.Debug|x64.ActiveCfg = Debug|Any CPU
		{4B27F8C7-E33F-4B4A-8533-373C8F3C2E7D}.Debug|x64.Build.0 = Debug|Any CPU
		{4B27F8C7-E33F-4B4A-8533-373C8F3C2E7D}.Release|Any CPU.ActiveCfg = Release|Any CPU
		{4B27F8C7-E33F-4B4A-8533-373C8F3C2E7D}.Release|Any CPU.Build.0 = Release|Any CPU
		{4B27F8C7-E33F-4B4A-8533-373C8F3C2E7D}.Release|x64.ActiveCfg = Release|Any CPU
		{4B27F8C7-E33F-4B4A-8533-373C8F3C2E7D}.Release|x64.Build.0 = Release|Any CPU
		{F012AE0C-4646-4CB9-9CA3-3738F490B80B}.Debug|Any CPU.ActiveCfg = Debug|Any CPU
		{F012AE0C-4646-4CB9-9CA3-3738F490B80B}.Debug|Any CPU.Build.0 = Debug|Any CPU
		{F012AE0C-4646-4CB9-9CA3-3738F490B80B}.Debug|x64.ActiveCfg = Debug|Any CPU
		{F012AE0C-4646-4CB9-9CA3-3738F490B80B}.Debug|x64.Build.0 = Debug|Any CPU
		{F012AE0C-4646-4CB9-9CA3-3738F490B80B}.Release|Any CPU.ActiveCfg = Release|Any CPU
		{F012AE0C-4646-4CB9-9CA3-3738F490B80B}.Release|Any CPU.Build.0 = Release|Any CPU
		{F012AE0C-4646-4CB9-9CA3-3738F490B80B}.Release|x64.ActiveCfg = Release|Any CPU
		{F012AE0C-4646-4CB9-9CA3-3738F490B80B}.Release|x64.Build.0 = Release|Any CPU
		{280F010F-BB7D-4FE3-96E9-85F90500016D}.Debug|Any CPU.ActiveCfg = Debug|Any CPU
		{280F010F-BB7D-4FE3-96E9-85F90500016D}.Debug|Any CPU.Build.0 = Debug|Any CPU
		{280F010F-BB7D-4FE3-96E9-85F90500016D}.Debug|x64.ActiveCfg = Debug|Any CPU
		{280F010F-BB7D-4FE3-96E9-85F90500016D}.Debug|x64.Build.0 = Debug|Any CPU
		{280F010F-BB7D-4FE3-96E9-85F90500016D}.Release|Any CPU.ActiveCfg = Release|Any CPU
		{280F010F-BB7D-4FE3-96E9-85F90500016D}.Release|Any CPU.Build.0 = Release|Any CPU
		{280F010F-BB7D-4FE3-96E9-85F90500016D}.Release|x64.ActiveCfg = Release|Any CPU
		{280F010F-BB7D-4FE3-96E9-85F90500016D}.Release|x64.Build.0 = Release|Any CPU
		{99E8013C-B1D8-4390-BD13-48035A5DD6A6}.Debug|Any CPU.ActiveCfg = Debug|Any CPU
		{99E8013C-B1D8-4390-BD13-48035A5DD6A6}.Debug|Any CPU.Build.0 = Debug|Any CPU
		{99E8013C-B1D8-4390-BD13-48035A5DD6A6}.Debug|x64.ActiveCfg = Debug|Any CPU
		{99E8013C-B1D8-4390-BD13-48035A5DD6A6}.Debug|x64.Build.0 = Debug|Any CPU
		{99E8013C-B1D8-4390-BD13-48035A5DD6A6}.Release|Any CPU.ActiveCfg = Release|Any CPU
		{99E8013C-B1D8-4390-BD13-48035A5DD6A6}.Release|Any CPU.Build.0 = Release|Any CPU
		{99E8013C-B1D8-4390-BD13-48035A5DD6A6}.Release|x64.ActiveCfg = Release|Any CPU
		{99E8013C-B1D8-4390-BD13-48035A5DD6A6}.Release|x64.Build.0 = Release|Any CPU
		{585E6EDD-35B7-4415-9068-E34D252D0922}.Debug|Any CPU.ActiveCfg = Debug|Any CPU
		{585E6EDD-35B7-4415-9068-E34D252D0922}.Debug|Any CPU.Build.0 = Debug|Any CPU
		{585E6EDD-35B7-4415-9068-E34D252D0922}.Debug|x64.ActiveCfg = Debug|Any CPU
		{585E6EDD-35B7-4415-9068-E34D252D0922}.Debug|x64.Build.0 = Debug|Any CPU
		{585E6EDD-35B7-4415-9068-E34D252D0922}.Release|Any CPU.ActiveCfg = Release|Any CPU
		{585E6EDD-35B7-4415-9068-E34D252D0922}.Release|Any CPU.Build.0 = Release|Any CPU
		{585E6EDD-35B7-4415-9068-E34D252D0922}.Release|x64.ActiveCfg = Release|Any CPU
		{585E6EDD-35B7-4415-9068-E34D252D0922}.Release|x64.Build.0 = Release|Any CPU
		{2E33C5F9-139D-44E9-B142-52F21CE7F122}.Debug|Any CPU.ActiveCfg = Debug|Any CPU
		{2E33C5F9-139D-44E9-B142-52F21CE7F122}.Debug|Any CPU.Build.0 = Debug|Any CPU
		{2E33C5F9-139D-44E9-B142-52F21CE7F122}.Debug|x64.ActiveCfg = Debug|Any CPU
		{2E33C5F9-139D-44E9-B142-52F21CE7F122}.Debug|x64.Build.0 = Debug|Any CPU
		{2E33C5F9-139D-44E9-B142-52F21CE7F122}.Release|Any CPU.ActiveCfg = Release|Any CPU
		{2E33C5F9-139D-44E9-B142-52F21CE7F122}.Release|Any CPU.Build.0 = Release|Any CPU
		{2E33C5F9-139D-44E9-B142-52F21CE7F122}.Release|x64.ActiveCfg = Release|Any CPU
		{2E33C5F9-139D-44E9-B142-52F21CE7F122}.Release|x64.Build.0 = Release|Any CPU
		{5C115C74-F75B-4471-A1E3-46ED9E03D5E4}.Debug|Any CPU.ActiveCfg = Debug|Any CPU
		{5C115C74-F75B-4471-A1E3-46ED9E03D5E4}.Debug|Any CPU.Build.0 = Debug|Any CPU
		{5C115C74-F75B-4471-A1E3-46ED9E03D5E4}.Debug|x64.ActiveCfg = Debug|Any CPU
		{5C115C74-F75B-4471-A1E3-46ED9E03D5E4}.Debug|x64.Build.0 = Debug|Any CPU
		{5C115C74-F75B-4471-A1E3-46ED9E03D5E4}.Release|Any CPU.ActiveCfg = Release|Any CPU
		{5C115C74-F75B-4471-A1E3-46ED9E03D5E4}.Release|Any CPU.Build.0 = Release|Any CPU
		{5C115C74-F75B-4471-A1E3-46ED9E03D5E4}.Release|x64.ActiveCfg = Release|Any CPU
		{5C115C74-F75B-4471-A1E3-46ED9E03D5E4}.Release|x64.Build.0 = Release|Any CPU
	EndGlobalSection
	GlobalSection(SolutionProperties) = preSolution
		HideSolutionNode = FALSE
	EndGlobalSection
	GlobalSection(NestedProjects) = preSolution
		{36BBA44F-9A2F-413B-971D-C347BAF87B2A} = {79DE0448-1BF2-48D2-8A33-243E402CFD27}
		{1A9BCE53-79D0-4761-B3A2-6967B610FA94} = {79DE0448-1BF2-48D2-8A33-243E402CFD27}
		{B7CA43B2-BB7F-46B1-9516-7CAFBC89816C} = {79DE0448-1BF2-48D2-8A33-243E402CFD27}
		{0E809C1E-CBF5-42E4-8624-2E244A52E422} = {79DE0448-1BF2-48D2-8A33-243E402CFD27}
		{707FF74D-C1AF-44CC-ACB0-533B11684710} = {CD412C3D-63D0-4726-B4C3-FEF701E4DCAF}
		{2D548C40-6260-4A4E-9C56-E8A80C639E13} = {CD412C3D-63D0-4726-B4C3-FEF701E4DCAF}
		{30F9056A-8FE3-4971-94A7-1113225E951B} = {1A9BCE53-79D0-4761-B3A2-6967B610FA94}
		{15EC4DEA-8FB6-4394-8E6F-EEF96A8F0FF2} = {1A9BCE53-79D0-4761-B3A2-6967B610FA94}
		{CAF59DC7-ED7B-4FA5-9031-4590282ACA0F} = {36BBA44F-9A2F-413B-971D-C347BAF87B2A}
		{235087F2-A0EA-431A-9A15-B121F181D071} = {0E809C1E-CBF5-42E4-8624-2E244A52E422}
		{0AFE4810-2178-461D-BF84-4C562A2137FA} = {2D548C40-6260-4A4E-9C56-E8A80C639E13}
		{CD6402F1-DDA4-45D8-BB03-B2C9C46A49C8} = {CD412C3D-63D0-4726-B4C3-FEF701E4DCAF}
		{B245D778-779E-4B78-9672-0BB21AF7D1D9} = {CD6402F1-DDA4-45D8-BB03-B2C9C46A49C8}
		{AF7ECF9B-1295-469A-8C17-303BAA5CA621} = {1A9BCE53-79D0-4761-B3A2-6967B610FA94}
		{9FE051D8-C6FA-42F2-96F1-18471FD27785} = {2D548C40-6260-4A4E-9C56-E8A80C639E13}
		{36F24B13-BFE4-4CCE-B989-357A6991D0AA} = {1A9BCE53-79D0-4761-B3A2-6967B610FA94}
		{28E3B2AE-5F75-4AD8-8499-6AE8A36C3194} = {0E809C1E-CBF5-42E4-8624-2E244A52E422}
		{87729FA0-A618-4C5A-A4F2-520AE7484A35} = {CD412C3D-63D0-4726-B4C3-FEF701E4DCAF}
		{4B27F8C7-E33F-4B4A-8533-373C8F3C2E7D} = {87729FA0-A618-4C5A-A4F2-520AE7484A35}
		{F012AE0C-4646-4CB9-9CA3-3738F490B80B} = {87729FA0-A618-4C5A-A4F2-520AE7484A35}
		{280F010F-BB7D-4FE3-96E9-85F90500016D} = {87729FA0-A618-4C5A-A4F2-520AE7484A35}
		{9F345B96-D998-4695-8F38-F0C72203CCE2} = {CD412C3D-63D0-4726-B4C3-FEF701E4DCAF}
		{99E8013C-B1D8-4390-BD13-48035A5DD6A6} = {9F345B96-D998-4695-8F38-F0C72203CCE2}
		{585E6EDD-35B7-4415-9068-E34D252D0922} = {9F345B96-D998-4695-8F38-F0C72203CCE2}
		{2E33C5F9-139D-44E9-B142-52F21CE7F122} = {2D548C40-6260-4A4E-9C56-E8A80C639E13}
		{5C115C74-F75B-4471-A1E3-46ED9E03D5E4} = {79DE0448-1BF2-48D2-8A33-243E402CFD27}
	EndGlobalSection
	GlobalSection(ExtensibilityGlobals) = postSolution
		SolutionGuid = {1285A466-2AF6-43E6-8DCC-2F93A5D5F02E}
	EndGlobalSection
EndGlobal
